{"format_version":"1.0","provider_schemas":{"registry.terraform.io/vmware/vra":{"provider":{"version":0,"block":{"attributes":{"access_token":{"type":"string","description":"The access token for API operations.","description_kind":"plain","optional":true},"api_timeout":{"type":"number","description":"Specify timeout in seconds for API operations.","description_kind":"plain","optional":true},"insecure":{"type":"bool","description":"Specify whether to validate TLS certificates.","description_kind":"plain","optional":true},"reauthorize_timeout":{"type":"string","description":"Specify timeout for how often to reauthorize the access token.","description_kind":"plain","optional":true},"refresh_token":{"type":"string","description":"The refresh token for API operations.","description_kind":"plain","optional":true},"url":{"type":"string","description":"The base url for API operations.","description_kind":"plain","required":true}},"description_kind":"plain"}},"resource_schemas":{"vra_block_device":{"version":0,"block":{"attributes":{"capacity_in_gb":{"type":"number","description":"Capacity of the block device in GB.","description_kind":"plain","required":true},"created_at":{"type":"string","description":"Date when the entity was created. The date is in ISO 8601 and UTC.","description_kind":"plain","computed":true},"custom_properties":{"type":["map","string"],"description":"Additional custom properties that may be used to extend the block device. Following disk custom properties can be passed while creating a block device: \n\n1. dataStore: Defines name of the datastore in which the disk has to be provisioned.\n2. storagePolicy: Defines name of the storage policy in which the disk has to be provisioned. If name of the datastore is specified in the custom properties then, datastore takes precedence.\n3. provisioningType: Defines the type of provisioning. For eg. thick/thin.","description_kind":"plain","optional":true,"computed":true},"deployment_id":{"type":"string","description":"The id of the deployment that is associated with this resource.","description_kind":"plain","optional":true,"computed":true},"description":{"type":"string","description":"A human-friendly description.","description_kind":"plain","optional":true},"disk_content_base_64":{"type":"string","description":"Content of a disk, base64 encoded.","description_kind":"plain","optional":true},"encrypted":{"type":"bool","description":"Indicates whether the block device should be encrypted or not.","description_kind":"plain","optional":true},"expand_snapshots":{"type":"bool","description":"Indicates whether the snapshots of the block-devices should be included in the resource state. Applicable only for first class block devices.","description_kind":"plain","optional":true},"external_id":{"type":"string","description":"External entity id on the cloud provider side.","description_kind":"plain","computed":true},"external_region_id":{"type":"string","description":"The external regionId of the resource.","description_kind":"plain","computed":true},"external_zone_id":{"type":"string","description":"The external zoneId of the resource.","description_kind":"plain","computed":true},"id":{"type":"string","description_kind":"plain","optional":true,"computed":true},"links":{"type":["set",["object",{"href":"string","hrefs":["set","string"],"rel":"string"}]],"description_kind":"plain","computed":true},"name":{"type":"string","description":"A human-friendly name for the block device.","description_kind":"plain","required":true},"org_id":{"type":"string","description":"The id of the organization this block device belongs to.","description_kind":"plain","computed":true},"owner":{"type":"string","description":"Email of the user that owns this block device.","description_kind":"plain","computed":true},"persistent":{"type":"bool","description":"Indicates whether the block device survives a delete action.","description_kind":"plain","optional":true},"project_id":{"type":"string","description":"The id of the project this resource belongs to.","description_kind":"plain","required":true},"purge":{"type":"bool","description":"Indicates if the disk has to be completely destroyed or should be kept in the system. Valid only for block devices with ‘persistent’ set to true, only used for destroy the resource","description_kind":"plain","optional":true},"snapshots":{"type":["set",["object",{"created_at":"string","description":"string","id":"string","is_current":"bool","links":["set",["object",{"href":"string","hrefs":["set","string"],"rel":"string"}]],"name":"string","org_id":"string","owner":"string","updated_at":"string"}]],"description_kind":"plain","computed":true},"source_reference":{"type":"string","description":"Reference to URI using which the block device has to be created. Example: ami-0d4cfd66","description_kind":"plain","optional":true},"status":{"type":"string","description":"Status of the block device.","description_kind":"plain","computed":true},"updated_at":{"type":"string","description":"Date when the entity was last updated. The date is ISO 8601 and UTC.","description_kind":"plain","computed":true}},"block_types":{"constraints":{"nesting_mode":"set","block":{"attributes":{"expression":{"type":"string","description":"An expression of the form \"[!]tag-key[:[tag-value]]\", used to indicate a constraint match on keys and values of tags.","description_kind":"plain","required":true},"mandatory":{"type":"bool","description":"Indicates whether this constraint should be strictly enforced or not.","description_kind":"plain","required":true}},"description":"Constraints that are used to drive placement policies for entities such as image, network, storage, etc. Constraint expressions are matched against tags on existing placement targets.","description_kind":"plain"}},"tags":{"nesting_mode":"set","block":{"attributes":{"key":{"type":"string","description_kind":"plain","required":true},"value":{"type":"string","description_kind":"plain","required":true}},"description_kind":"plain"}},"timeouts":{"nesting_mode":"single","block":{"attributes":{"create":{"type":"string","description_kind":"plain","optional":true},"delete":{"type":"string","description_kind":"plain","optional":true},"update":{"type":"string","description_kind":"plain","optional":true}},"description_kind":"plain"}}},"description_kind":"plain"}},"vra_block_device_snapshot":{"version":0,"block":{"attributes":{"block_device_id":{"type":"string","description_kind":"plain","required":true},"created_at":{"type":"string","description_kind":"plain","computed":true},"description":{"type":"string","description_kind":"plain","optional":true},"id":{"type":"string","description_kind":"plain","optional":true,"computed":true},"is_current":{"type":"bool","description_kind":"plain","computed":true},"links":{"type":["set",["object",{"href":"string","hrefs":["set","string"],"rel":"string"}]],"description_kind":"plain","computed":true},"name":{"type":"string","description_kind":"plain","computed":true},"org_id":{"type":"string","description_kind":"plain","computed":true},"owner":{"type":"string","description_kind":"plain","computed":true},"updated_at":{"type":"string","description_kind":"plain","computed":true}},"block_types":{"timeouts":{"nesting_mode":"single","block":{"attributes":{"create":{"type":"string","description_kind":"plain","optional":true},"delete":{"type":"string","description_kind":"plain","optional":true},"update":{"type":"string","description_kind":"plain","optional":true}},"description_kind":"plain"}}},"description_kind":"plain"}},"vra_blueprint":{"version":0,"block":{"attributes":{"content":{"type":"string","description_kind":"plain","optional":true},"content_source_id":{"type":"string","description_kind":"plain","computed":true},"content_source_path":{"type":"string","description_kind":"plain","computed":true},"content_source_sync_at":{"type":"string","description_kind":"plain","computed":true},"content_source_sync_messages":{"type":["set","string"],"description_kind":"plain","computed":true},"content_source_sync_status":{"type":"string","description_kind":"plain","computed":true},"content_source_type":{"type":"string","description_kind":"plain","computed":true},"created_at":{"type":"string","description_kind":"plain","computed":true},"created_by":{"type":"string","description_kind":"plain","computed":true},"description":{"type":"string","description_kind":"plain","optional":true,"computed":true},"id":{"type":"string","description_kind":"plain","optional":true,"computed":true},"name":{"type":"string","description_kind":"plain","required":true},"org_id":{"type":"string","description_kind":"plain","computed":true},"project_id":{"type":"string","description_kind":"plain","required":true},"project_name":{"type":"string","description_kind":"plain","computed":true},"request_scope_org":{"type":"bool","description":"Flag to indicate blueprint can be requested from any project in org","description_kind":"plain","optional":true,"computed":true},"self_link":{"type":"string","description_kind":"plain","computed":true},"status":{"type":"string","description_kind":"plain","computed":true},"total_released_versions":{"type":"number","description_kind":"plain","computed":true},"total_versions":{"type":"number","description_kind":"plain","computed":true},"updated_at":{"type":"string","description_kind":"plain","computed":true},"updated_by":{"type":"string","description_kind":"plain","computed":true},"valid":{"type":"bool","description_kind":"plain","computed":true},"validation_messages":{"type":["set",["object",{"message":"string","metadata":["map","string"],"path":"string","resource_name":"string","type":"string"}]],"description_kind":"plain","computed":true}},"description_kind":"plain"}},"vra_blueprint_version":{"version":0,"block":{"attributes":{"blueprint_description":{"type":"string","description_kind":"plain","computed":true},"blueprint_id":{"type":"string","description_kind":"plain","required":true},"change_log":{"type":"string","description_kind":"plain","optional":true},"content":{"type":"string","description_kind":"plain","computed":true},"created_at":{"type":"string","description_kind":"plain","computed":true},"created_by":{"type":"string","description_kind":"plain","computed":true},"description":{"type":"string","description_kind":"plain","optional":true},"id":{"type":"string","description_kind":"plain","optional":true,"computed":true},"name":{"type":"string","description_kind":"plain","computed":true},"org_id":{"type":"string","description_kind":"plain","computed":true},"project_id":{"type":"string","description_kind":"plain","computed":true},"project_name":{"type":"string","description_kind":"plain","computed":true},"release":{"type":"bool","description_kind":"plain","optional":true},"status":{"type":"string","description_kind":"plain","computed":true},"updated_at":{"type":"string","description_kind":"plain","computed":true},"updated_by":{"type":"string","description_kind":"plain","computed":true},"valid":{"type":"string","description_kind":"plain","computed":true},"version":{"type":"string","description_kind":"plain","required":true}},"description_kind":"plain"}},"vra_catalog_item_entitlement":{"version":0,"block":{"attributes":{"catalog_item_id":{"type":"string","description":"Catalog item id.","description_kind":"plain","required":true},"definition":{"type":["set",["object",{"description":"string","icon_id":"string","id":"string","name":"string","number_of_items":"number","source_name":"string","source_type":"string","type":"string"}]],"description_kind":"plain","computed":true},"id":{"type":"string","description_kind":"plain","optional":true,"computed":true},"project_id":{"type":"string","description":"Project id.","description_kind":"plain","required":true}},"description_kind":"plain","deprecated":true}},"vra_catalog_source_blueprint":{"version":0,"block":{"attributes":{"config":{"type":["map","string"],"description_kind":"plain","optional":true,"computed":true},"created_at":{"type":"string","description_kind":"plain","computed":true},"created_by":{"type":"string","description_kind":"plain","computed":true},"description":{"type":"string","description_kind":"plain","optional":true},"global":{"type":"bool","description_kind":"plain","computed":true},"id":{"type":"string","description_kind":"plain","optional":true,"computed":true},"items_found":{"type":"string","description_kind":"plain","computed":true},"items_imported":{"type":"string","description_kind":"plain","computed":true},"last_import_completed_at":{"type":"string","description_kind":"plain","computed":true},"last_import_errors":{"type":["set","string"],"description_kind":"plain","computed":true},"last_import_started_at":{"type":"string","description_kind":"plain","computed":true},"last_updated_by":{"type":"string","description_kind":"plain","computed":true},"name":{"type":"string","description_kind":"plain","required":true},"project_id":{"type":"string","description_kind":"plain","required":true},"type_id":{"type":"string","description_kind":"plain","computed":true}},"description_kind":"plain"}},"vra_catalog_source_entitlement":{"version":0,"block":{"attributes":{"catalog_source_id":{"type":"string","description":"Catalog source id.","description_kind":"plain","required":true},"definition":{"type":["set",["object",{"description":"string","icon_id":"string","id":"string","name":"string","number_of_items":"number","source_name":"string","source_type":"string","type":"string"}]],"description_kind":"plain","computed":true},"id":{"type":"string","description_kind":"plain","optional":true,"computed":true},"project_id":{"type":"string","description":"Project id.","description_kind":"plain","required":true}},"description_kind":"plain","deprecated":true}},"vra_cloud_account_aws":{"version":0,"block":{"attributes":{"access_key":{"type":"string","description":"Aws Access key ID.","description_kind":"plain","required":true},"created_at":{"type":"string","description":"Date when the entity was created. The date is in ISO 8601 and UTC.","description_kind":"plain","computed":true},"description":{"type":"string","description":"A human-friendly description.","description_kind":"plain","optional":true},"id":{"type":"string","description_kind":"plain","optional":true,"computed":true},"links":{"type":["set",["object",{"href":"string","hrefs":["set","string"],"rel":"string"}]],"description_kind":"plain","computed":true},"name":{"type":"string","description":"The name of this resource instance.","description_kind":"plain","required":true},"org_id":{"type":"string","description":"The id of the organization this entity belongs to.","description_kind":"plain","computed":true},"owner":{"type":"string","description":"Email of the user that owns the entity.","description_kind":"plain","computed":true},"regions":{"type":["set","string"],"description":"The set of region ids that will be enabled for this cloud account.","description_kind":"plain","required":true},"secret_key":{"type":"string","description":"Aws Secret Access Key.","description_kind":"plain","required":true,"sensitive":true},"updated_at":{"type":"string","description":"Date when the entity was last updated. The date is ISO 8601 and UTC.","description_kind":"plain","computed":true}},"block_types":{"tags":{"nesting_mode":"set","block":{"attributes":{"key":{"type":"string","description_kind":"plain","required":true},"value":{"type":"string","description_kind":"plain","required":true}},"description_kind":"plain"}}},"description_kind":"plain"}},"vra_cloud_account_azure":{"version":0,"block":{"attributes":{"application_id":{"type":"string","description":"Azure Client Application ID.","description_kind":"plain","required":true},"application_key":{"type":"string","description":"Azure Client Application Secret Key.","description_kind":"plain","required":true,"sensitive":true},"created_at":{"type":"string","description":"Date when the entity was created. The date is in ISO 8601 and UTC.","description_kind":"plain","computed":true},"description":{"type":"string","description":"A human-friendly description.","description_kind":"plain","optional":true},"id":{"type":"string","description_kind":"plain","optional":true,"computed":true},"links":{"type":["set",["object",{"href":"string","hrefs":["set","string"],"rel":"string"}]],"description_kind":"plain","computed":true},"name":{"type":"string","description":"The name of this resource instance.","description_kind":"plain","required":true},"org_id":{"type":"string","description":"The id of the organization this entity belongs to.","description_kind":"plain","computed":true},"owner":{"type":"string","description":"Email of the user that owns the entity.","description_kind":"plain","computed":true},"regions":{"type":["set","string"],"description":"The set of region ids that will be enabled for this cloud account.","description_kind":"plain","required":true},"subscription_id":{"type":"string","description":"Azure Subscription ID.","description_kind":"plain","required":true},"tenant_id":{"type":"string","description":"Azure Tenant ID.","description_kind":"plain","required":true},"updated_at":{"type":"string","description":"Date when the entity was last updated. The date is ISO 8601 and UTC.","description_kind":"plain","computed":true}},"block_types":{"tags":{"nesting_mode":"set","block":{"attributes":{"key":{"type":"string","description_kind":"plain","required":true},"value":{"type":"string","description_kind":"plain","required":true}},"description_kind":"plain"}}},"description_kind":"plain"}},"vra_cloud_account_gcp":{"version":0,"block":{"attributes":{"client_email":{"type":"string","description":"GCP Client email.","description_kind":"plain","required":true},"created_at":{"type":"string","description":"Date when the entity was created. The date is in ISO 8601 and UTC.","description_kind":"plain","computed":true},"description":{"type":"string","description":"A human-friendly description.","description_kind":"plain","optional":true},"id":{"type":"string","description_kind":"plain","optional":true,"computed":true},"links":{"type":["set",["object",{"href":"string","hrefs":["set","string"],"rel":"string"}]],"description_kind":"plain","computed":true},"name":{"type":"string","description":"The name of this resource instance.","description_kind":"plain","required":true},"org_id":{"type":"string","description":"The id of the organization this entity belongs to.","description_kind":"plain","computed":true},"owner":{"type":"string","description":"Email of the user that owns the entity.","description_kind":"plain","computed":true},"private_key":{"type":"string","description":"GCP Private key.","description_kind":"plain","required":true,"sensitive":true},"private_key_id":{"type":"string","description":"GCP Private key ID.","description_kind":"plain","required":true},"project_id":{"type":"string","description":"GCP Project ID.","description_kind":"plain","required":true},"regions":{"type":["set","string"],"description":"The set of region ids that will be enabled for this cloud account.","description_kind":"plain","required":true},"updated_at":{"type":"string","description":"Date when the entity was last updated. The date is ISO 8601 and UTC.","description_kind":"plain","computed":true}},"block_types":{"tags":{"nesting_mode":"set","block":{"attributes":{"key":{"type":"string","description_kind":"plain","required":true},"value":{"type":"string","description_kind":"plain","required":true}},"description_kind":"plain"}}},"description_kind":"plain"}},"vra_cloud_account_nsxt":{"version":0,"block":{"attributes":{"accept_self_signed_cert":{"type":"bool","description":"Accept self signed certificate when connecting.","description_kind":"plain","optional":true},"associated_cloud_account_ids":{"type":["set","string"],"description_kind":"plain","computed":true},"created_at":{"type":"string","description":"Date when the entity was created. The date is in ISO 8601 and UTC.","description_kind":"plain","computed":true},"dc_id":{"type":"string","description":"Identifier of a data collector vm deployed in the on premise infrastructure. Refer to the data-collector API to create or list data collectors.","description_kind":"plain","optional":true},"description":{"type":"string","description":"A human-friendly description.","description_kind":"plain","optional":true},"hostname":{"type":"string","description":"Host name for the NSX-T endpoint.","description_kind":"plain","required":true},"id":{"type":"string","description_kind":"plain","optional":true,"computed":true},"links":{"type":["set",["object",{"href":"string","hrefs":["set","string"],"rel":"string"}]],"description_kind":"plain","computed":true},"manager_mode":{"type":"bool","description":"Create NSX-T cloud account in Manager (legacy) mode. When set to true, NSX-T cloud account is created in Manager mode. Mode cannot be changed after cloud account is created. Default value is false.","description_kind":"plain","optional":true},"name":{"type":"string","description":"A human-friendly name used as an identifier in APIs that support this option.","description_kind":"plain","required":true},"org_id":{"type":"string","description":"The id of the organization this entity belongs to.","description_kind":"plain","computed":true},"owner":{"type":"string","description":"Email of the user that owns the entity.","description_kind":"plain","computed":true},"password":{"type":"string","description":"Password for the user used to authenticate with the cloud Account.","description_kind":"plain","required":true,"sensitive":true},"updated_at":{"type":"string","description":"Date when the entity was last updated. The date is ISO 8601 and UTC.","description_kind":"plain","computed":true},"username":{"type":"string","description":"Username to authenticate with the cloud account.","description_kind":"plain","required":true}},"block_types":{"tags":{"nesting_mode":"set","block":{"attributes":{"key":{"type":"string","description_kind":"plain","required":true},"value":{"type":"string","description_kind":"plain","required":true}},"description_kind":"plain"}}},"description_kind":"plain"}},"vra_cloud_account_nsxv":{"version":0,"block":{"attributes":{"accept_self_signed_cert":{"type":"bool","description_kind":"plain","optional":true},"associated_cloud_account_ids":{"type":["set","string"],"description_kind":"plain","computed":true},"created_at":{"type":"string","description_kind":"plain","computed":true},"dc_id":{"type":"string","description_kind":"plain","optional":true},"description":{"type":"string","description_kind":"plain","optional":true},"hostname":{"type":"string","description_kind":"plain","required":true},"id":{"type":"string","description_kind":"plain","optional":true,"computed":true},"links":{"type":["set",["object",{"href":"string","hrefs":["set","string"],"rel":"string"}]],"description_kind":"plain","computed":true},"name":{"type":"string","description_kind":"plain","required":true},"org_id":{"type":"string","description_kind":"plain","computed":true},"owner":{"type":"string","description_kind":"plain","computed":true},"password":{"type":"string","description_kind":"plain","required":true,"sensitive":true},"updated_at":{"type":"string","description_kind":"plain","computed":true},"username":{"type":"string","description_kind":"plain","required":true}},"block_types":{"tags":{"nesting_mode":"set","block":{"attributes":{"key":{"type":"string","description_kind":"plain","required":true},"value":{"type":"string","description_kind":"plain","required":true}},"description_kind":"plain"}}},"description_kind":"plain"}},"vra_cloud_account_vmc":{"version":0,"block":{"attributes":{"accept_self_signed_cert":{"type":"bool","description":"Whether to accept self signed certificate when connecting to the vCenter Server.","description_kind":"plain","optional":true},"api_token":{"type":"string","description_kind":"plain","required":true},"created_at":{"type":"string","description":"Date when the entity was created. The date is in ISO 8601 and UTC.","description_kind":"plain","computed":true},"dc_id":{"type":"string","description":"Identifier of a data collector vm deployed in the on premise infrastructure.","description_kind":"plain","optional":true},"description":{"type":"string","description":"A human-friendly description.","description_kind":"plain","optional":true},"id":{"type":"string","description_kind":"plain","optional":true,"computed":true},"links":{"type":["set",["object",{"href":"string","hrefs":["set","string"],"rel":"string"}]],"description_kind":"plain","computed":true},"name":{"type":"string","description":"The name of this resource instance.","description_kind":"plain","required":true},"nsx_hostname":{"type":"string","description_kind":"plain","required":true},"org_id":{"type":"string","description":"The id of the organization this entity belongs to.","description_kind":"plain","computed":true},"owner":{"type":"string","description":"Email of the user that owns the entity.","description_kind":"plain","computed":true},"regions":{"type":["set","string"],"description":"The set of region ids that will be enabled for this cloud account.","description_kind":"plain","required":true},"sddc_name":{"type":"string","description_kind":"plain","required":true},"updated_at":{"type":"string","description":"Date when the entity was last updated. The date is ISO 8601 and UTC.","description_kind":"plain","computed":true},"vcenter_hostname":{"type":"string","description_kind":"plain","required":true},"vcenter_password":{"type":"string","description_kind":"plain","required":true,"sensitive":true},"vcenter_username":{"type":"string","description_kind":"plain","required":true}},"block_types":{"tags":{"nesting_mode":"set","block":{"attributes":{"key":{"type":"string","description_kind":"plain","required":true},"value":{"type":"string","description_kind":"plain","required":true}},"description_kind":"plain"}}},"description_kind":"plain"}},"vra_cloud_account_vsphere":{"version":0,"block":{"attributes":{"accept_self_signed_cert":{"type":"bool","description":"Whether to accept self signed certificate when connecting to the vCenter Server.","description_kind":"plain","optional":true},"associated_cloud_account_ids":{"type":["set","string"],"description":"NSX-V or NSX-T account ids to associate with this vSphere cloud account.","description_kind":"plain","optional":true},"created_at":{"type":"string","description":"Date when the entity was created. The date is in ISO 8601 and UTC.","description_kind":"plain","computed":true},"dc_id":{"type":"string","description":"Identifier of a data collector vm deployed in the on premise infrastructure.","description_kind":"plain","optional":true},"description":{"type":"string","description":"A human-friendly description.","description_kind":"plain","optional":true},"hostname":{"type":"string","description":"IP address or FQDN of the vCenter Server.","description_kind":"plain","required":true},"id":{"type":"string","description_kind":"plain","optional":true,"computed":true},"links":{"type":["set",["object",{"href":"string","hrefs":["set","string"],"rel":"string"}]],"description_kind":"plain","computed":true},"name":{"type":"string","description":"The name of this resource instance.","description_kind":"plain","required":true},"org_id":{"type":"string","description":"The id of the organization this entity belongs to.","description_kind":"plain","computed":true},"owner":{"type":"string","description":"Email of the user that owns the entity.","description_kind":"plain","computed":true},"password":{"type":"string","description":"Password of the vCenter Server.","description_kind":"plain","required":true,"sensitive":true},"regions":{"type":["set","string"],"description":"The set of region ids that will be enabled for this cloud account.","description_kind":"plain","required":true},"updated_at":{"type":"string","description":"Date when the entity was last updated. The date is ISO 8601 and UTC.","description_kind":"plain","computed":true},"username":{"type":"string","description":"Username of the vCenter Server.","description_kind":"plain","required":true}},"block_types":{"tags":{"nesting_mode":"set","block":{"attributes":{"key":{"type":"string","description_kind":"plain","required":true},"value":{"type":"string","description_kind":"plain","required":true}},"description_kind":"plain"}}},"description_kind":"plain"}},"vra_content_sharing_policy":{"version":0,"block":{"attributes":{"catalog_item_ids":{"type":["set","string"],"description":"List of catalog item ids to share.","description_kind":"plain","optional":true},"catalog_source_ids":{"type":["set","string"],"description":"List of catalog source ids to share.","description_kind":"plain","optional":true},"created_at":{"type":"string","description":"Policy creation timestamp.","description_kind":"plain","computed":true},"created_by":{"type":"string","description":"Policy author.","description_kind":"plain","computed":true},"description":{"type":"string","description":"The policy description.","description_kind":"plain","optional":true},"id":{"type":"string","description_kind":"plain","optional":true,"computed":true},"last_updated_at":{"type":"string","description":"Most recent policy update timestamp.","description_kind":"plain","computed":true},"last_updated_by":{"type":"string","description":"Most recent policy editor..","description_kind":"plain","computed":true},"name":{"type":"string","description":"The policy name.","description_kind":"plain","required":true},"org_id":{"type":"string","description":"The ID of the organization to which the policy belongs.","description_kind":"plain","computed":true},"project_id":{"type":"string","description":"The ID of the project to which the policy belongs.","description_kind":"plain","required":true}},"description_kind":"plain"}},"vra_content_source":{"version":0,"block":{"attributes":{"created_at":{"type":"string","description_kind":"plain","computed":true},"created_by":{"type":"string","description_kind":"plain","computed":true},"description":{"type":"string","description_kind":"plain","optional":true},"id":{"type":"string","description_kind":"plain","optional":true,"computed":true},"last_updated_at":{"type":"string","description_kind":"plain","computed":true},"last_updated_by":{"type":"string","description_kind":"plain","computed":true},"name":{"type":"string","description_kind":"plain","required":true},"org_id":{"type":"string","description_kind":"plain","computed":true},"project_id":{"type":"string","description_kind":"plain","required":true},"sync_enabled":{"type":"bool","description_kind":"plain","required":true},"type_id":{"type":"string","description_kind":"plain","required":true}},"block_types":{"config":{"nesting_mode":"set","block":{"attributes":{"branch":{"type":"string","description_kind":"plain","optional":true},"content_type":{"type":"string","description_kind":"plain","optional":true},"integration_id":{"type":"string","description_kind":"plain","required":true},"path":{"type":"string","description_kind":"plain","required":true},"project_name":{"type":"string","description_kind":"plain","required":true},"repository":{"type":"string","description_kind":"plain","optional":true}},"description_kind":"plain"},"min_items":1,"max_items":1}},"description_kind":"plain"}},"vra_deployment":{"version":0,"block":{"attributes":{"blueprint_content":{"type":"string","description":"The content of the the cloud template to be used to request the deployment.","description_kind":"plain","optional":true},"blueprint_id":{"type":"string","description":"The id of the cloud template to be used to request the deployment.","description_kind":"plain","optional":true,"computed":true},"blueprint_version":{"type":"string","description":"The version of the cloud template to be used to request the deployment.","description_kind":"plain","optional":true,"computed":true},"catalog_item_id":{"type":"string","description":"The id of the catalog item to be used to request the deployment.","description_kind":"plain","optional":true,"computed":true},"catalog_item_version":{"type":"string","description":"The version of the catalog item to be used to request the deployment.","description_kind":"plain","optional":true,"computed":true},"created_at":{"type":"string","description":"Date when the entity was created. The date is in ISO 6801 and UTC.","description_kind":"plain","computed":true},"created_by":{"type":"string","description":"The user the entity was created by.","description_kind":"plain","computed":true},"description":{"type":"string","description":"A human-friendly description.","description_kind":"plain","optional":true},"expand_last_request":{"type":"bool","description_kind":"plain","deprecated":true,"optional":true},"expand_project":{"type":"bool","description":"Flag to indicate whether to expand project information.","description_kind":"plain","optional":true},"expand_resources":{"type":"bool","description_kind":"plain","deprecated":true,"optional":true},"expense":{"type":["set",["object",{"additional_expense":"number","code":"string","compute_expense":"number","last_update_time":"string","message":"string","network_expense":"number","storage_expense":"number","total_expense":"number","unit":"string"}]],"description_kind":"plain","computed":true},"id":{"type":"string","description_kind":"plain","optional":true,"computed":true},"inputs":{"type":["map","string"],"description":"Inputs provided by the user. For inputs including those with default values, refer to inputs_including_defaults.","description_kind":"plain","optional":true},"inputs_including_defaults":{"type":["map","string"],"description":"All the inputs applied during last create/update operation, including those with default values.","description_kind":"plain","computed":true},"last_request":{"type":["list",["object",{"action_id":"string","approved_at":"string","blueprint_id":"string","cancelable":"bool","catalog_item_id":"string","completed_at":"string","completed_tasks":"number","created_at":"string","details":"string","dismissed":"bool","id":"string","initialized_at":"string","inputs":["map","string"],"name":"string","outputs":["map","string"],"requested_by":"string","resource_ids":["set","string"],"status":"string","total_tasks":"number","updated_at":"string"}]],"description_kind":"plain","computed":true},"last_updated_at":{"type":"string","description":"Date when the entity was last updated. The date is in ISO 6801 and UTC.","description_kind":"plain","computed":true},"last_updated_by":{"type":"string","description":"The user that last updated the deployment.","description_kind":"plain","computed":true},"lease_expire_at":{"type":"string","description":"Date when the deployment lease expire. The date is in ISO 6801 and UTC.","description_kind":"plain","computed":true},"name":{"type":"string","description":"The name of the deployment.","description_kind":"plain","required":true},"org_id":{"type":"string","description":"The Id of the organization this deployment belongs to.","description_kind":"plain","computed":true},"owner":{"type":"string","description":"The user this deployment belongs to.","description_kind":"plain","optional":true,"computed":true},"project":{"type":["set",["object",{"description":"string","id":"string","name":"string","version":"string"}]],"description_kind":"plain","computed":true},"project_id":{"type":"string","description":"The id of the project this deployment belongs to.","description_kind":"plain","required":true},"reason":{"type":"string","description":"Reason for requesting/updating a blueprint.","description_kind":"plain","optional":true},"resources":{"type":["set",["object",{"created_at":"string","depends_on":["set","string"],"description":"string","expense":["set",["object",{"additional_expense":"number","code":"string","compute_expense":"number","last_update_time":"string","message":"string","network_expense":"number","storage_expense":"number","total_expense":"number","unit":"string"}]],"id":"string","name":"string","properties_json":"string","state":"string","sync_status":"string","type":"string"}]],"description_kind":"plain","computed":true},"status":{"type":"string","description":"The status of the deployment with respect to its life cycle operations.","description_kind":"plain","computed":true}},"block_types":{"timeouts":{"nesting_mode":"single","block":{"attributes":{"create":{"type":"string","description_kind":"plain","optional":true},"delete":{"type":"string","description_kind":"plain","optional":true},"update":{"type":"string","description_kind":"plain","optional":true}},"description_kind":"plain"}}},"description_kind":"plain"}},"vra_fabric_compute":{"version":0,"block":{"attributes":{"created_at":{"type":"string","description":"Date when the entity was created. The date is in ISO 8601 and UTC.","description_kind":"plain","computed":true},"custom_properties":{"type":["map","string"],"description":"A list of key value pair of custom properties for the fabric compute resource.","description_kind":"plain","computed":true},"description":{"type":"string","description":"A human-friendly description.","description_kind":"plain","computed":true},"external_id":{"type":"string","description":"The id of the external entity on the provider side.","description_kind":"plain","computed":true},"external_region_id":{"type":"string","description":"The external region id of the fabric compute.","description_kind":"plain","computed":true},"external_zone_id":{"type":"string","description":"The external zone id of the fabric compute.","description_kind":"plain","computed":true},"id":{"type":"string","description_kind":"plain","optional":true,"computed":true},"lifecycle_state":{"type":"string","description":"Lifecycle status of the compute instance.","description_kind":"plain","computed":true},"links":{"type":["set",["object",{"href":"string","hrefs":["set","string"],"rel":"string"}]],"description_kind":"plain","computed":true},"name":{"type":"string","description":"A human-friendly name used as an identifier for the fabric compute resource instance.","description_kind":"plain","computed":true},"org_id":{"type":"string","description":"The id of the organization this entity belongs to.","description_kind":"plain","computed":true},"owner":{"type":"string","description":"Email of the user that owns the entity.","description_kind":"plain","computed":true},"power_state":{"type":"string","description":"Power state of fabric compute instance.","description_kind":"plain","computed":true},"type":{"type":"string","description":"Type of the fabric compute instance.","description_kind":"plain","computed":true},"updated_at":{"type":"string","description":"Date when the entity was last updated. The date is ISO 8601 and UTC.","description_kind":"plain","computed":true}},"block_types":{"tags":{"nesting_mode":"set","block":{"attributes":{"key":{"type":"string","description_kind":"plain","required":true},"value":{"type":"string","description_kind":"plain","required":true}},"description_kind":"plain"}}},"description_kind":"plain"}},"vra_fabric_datastore_vsphere":{"version":0,"block":{"attributes":{"cloud_account_ids":{"type":["set","string"],"description":"Set of ids of the cloud accounts this entity belongs to.","description_kind":"plain","computed":true},"created_at":{"type":"string","description":"Date when the entity was created. The date is in ISO 8601 and UTC.","description_kind":"plain","computed":true},"description":{"type":"string","description":"A human-friendly description.","description_kind":"plain","computed":true},"external_id":{"type":"string","description":"External entity Id on the provider side.","description_kind":"plain","computed":true},"external_region_id":{"type":"string","description":"Id of datacenter in which the datastore is present.","description_kind":"plain","computed":true},"free_size_gb":{"type":"string","description":"Indicates free size available in datastore.","description_kind":"plain","computed":true},"id":{"type":"string","description_kind":"plain","optional":true,"computed":true},"links":{"type":["set",["object",{"href":"string","hrefs":["set","string"],"rel":"string"}]],"description_kind":"plain","computed":true},"name":{"type":"string","description":"A human-friendly name used as an identifier for the vSphere fabric datastore resource instance.","description_kind":"plain","computed":true},"org_id":{"type":"string","description":"The id of the organization this entity belongs to.","description_kind":"plain","computed":true},"owner":{"type":"string","description":"Email of the user that owns the entity.","description_kind":"plain","computed":true},"type":{"type":"string","description":"Type of datastore.","description_kind":"plain","computed":true},"updated_at":{"type":"string","description":"Date when the entity was last updated. The date is ISO 8601 and UTC.","description_kind":"plain","computed":true}},"block_types":{"tags":{"nesting_mode":"set","block":{"attributes":{"key":{"type":"string","description_kind":"plain","required":true},"value":{"type":"string","description_kind":"plain","required":true}},"description_kind":"plain"}}},"description_kind":"plain"}},"vra_fabric_network_vsphere":{"version":1,"block":{"attributes":{"cidr":{"type":"string","description_kind":"plain","optional":true,"computed":true},"cloud_account_ids":{"type":["set","string"],"description_kind":"plain","computed":true},"created_at":{"type":"string","description_kind":"plain","computed":true},"custom_properties":{"type":["map","string"],"description_kind":"plain","computed":true},"default_gateway":{"type":"string","description_kind":"plain","optional":true,"computed":true},"default_ipv6_gateway":{"type":"string","description_kind":"plain","optional":true,"computed":true},"dns_search_domains":{"type":["list","string"],"description_kind":"plain","optional":true,"computed":true},"dns_server_addresses":{"type":["list","string"],"description_kind":"plain","optional":true,"computed":true},"domain":{"type":"string","description_kind":"plain","optional":true},"external_id":{"type":"string","description_kind":"plain","computed":true},"external_region_id":{"type":"string","description_kind":"plain","computed":true},"id":{"type":"string","description_kind":"plain","optional":true,"computed":true},"ipv6_cidr":{"type":"string","description_kind":"plain","optional":true},"is_default":{"type":"bool","description_kind":"plain","optional":true},"is_public":{"type":"bool","description_kind":"plain","optional":true},"links":{"type":["set",["object",{"href":"string","hrefs":["set","string"],"rel":"string"}]],"description_kind":"plain","computed":true},"name":{"type":"string","description_kind":"plain","computed":true},"org_id":{"type":"string","description_kind":"plain","computed":true},"organization_id":{"type":"string","description_kind":"plain","computed":true},"updated_at":{"type":"string","description_kind":"plain","computed":true}},"block_types":{"tags":{"nesting_mode":"set","block":{"attributes":{"key":{"type":"string","description_kind":"plain","required":true},"value":{"type":"string","description_kind":"plain","required":true}},"description_kind":"plain"}}},"description_kind":"plain"}},"vra_flavor_profile":{"version":0,"block":{"attributes":{"cloud_account_id":{"type":"string","description":"Id of the cloud account this flavor profile belongs to.","description_kind":"plain","computed":true},"created_at":{"type":"string","description":"Date when the entity was created. The date is in ISO 8601 and UTC.","description_kind":"plain","computed":true},"description":{"type":"string","description":"A human-friendly description.","description_kind":"plain","optional":true},"external_region_id":{"type":"string","description":"The id of the region for which this profile is defined.","description_kind":"plain","computed":true},"id":{"type":"string","description_kind":"plain","optional":true,"computed":true},"links":{"type":["set",["object",{"href":"string","hrefs":["set","string"],"rel":"string"}]],"description_kind":"plain","computed":true},"name":{"type":"string","description":"A human-friendly name used as an identifier in APIs that support this option.","description_kind":"plain","required":true},"org_id":{"type":"string","description":"The id of the organization this entity belongs to.","description_kind":"plain","computed":true},"owner":{"type":"string","description":"Email of the user that owns the entity.","description_kind":"plain","computed":true},"region_id":{"type":"string","description":"The id of the region for which this profile is defined ","description_kind":"plain","required":true},"updated_at":{"type":"string","description":"Date when the entity was last updated. The date is ISO 8601 and UTC.","description_kind":"plain","computed":true}},"block_types":{"flavor_mapping":{"nesting_mode":"set","block":{"attributes":{"cpu_count":{"type":"number","description":"Number of CPU cores. Mandatory for private clouds such as vSphere. Only `instance_type` or `cpu_count`/`memory` must be specified.","description_kind":"plain","optional":true},"instance_type":{"type":"string","description":"The value of the instance type in the corresponding cloud. Mandatory for public clouds. Only `instance_type` or `cpu_count`/`memory` must be specified.","description_kind":"plain","optional":true},"memory":{"type":"number","description":"Total amount of memory (in megabytes). Mandatory for private clouds such as vSphere. Only `instance_type` or `cpu_count`/`memory` must be specified.","description_kind":"plain","optional":true},"name":{"type":"string","description":"The name of the flavor mapping.","description_kind":"plain","required":true}},"description":"A list of the flavor mappings defined for the corresponding cloud end-point region.","description_kind":"plain"}}},"description_kind":"plain"}},"vra_image_profile":{"version":0,"block":{"attributes":{"created_at":{"type":"string","description":"Date when the entity was created. The date is in ISO 8601 and UTC.","description_kind":"plain","computed":true},"description":{"type":"string","description":"A human-friendly description.","description_kind":"plain","optional":true},"external_region_id":{"type":"string","description":"The id of the region for which this profile is defined as in the cloud provider.","description_kind":"plain","computed":true},"id":{"type":"string","description_kind":"plain","optional":true,"computed":true},"name":{"type":"string","description":"A human-friendly name used as an identifier in APIs that support this option.","description_kind":"plain","required":true},"owner":{"type":"string","description":"Email of the user that owns the entity.","description_kind":"plain","computed":true},"region_id":{"type":"string","description":"The if of the region for which this profile is defined as in vRealize Automation(vRA).","description_kind":"plain","required":true},"updated_at":{"type":"string","description":"Date when the entity was last updated. The date is ISO 8601 and UTC.","description_kind":"plain","computed":true}},"block_types":{"image_mapping":{"nesting_mode":"set","block":{"attributes":{"cloud_config":{"type":"string","description":"Cloud config for this image. This cloud config will be merged during provisioning with other cloud configurations such as the bootConfig provided in MachineSpecification or vRA cloud templates.","description_kind":"plain","optional":true},"description":{"type":"string","description":"A human-friendly description.","description_kind":"plain","computed":true},"external_id":{"type":"string","description":"External entity id on the cloud provider side.","description_kind":"plain","computed":true},"external_region_id":{"type":"string","description":"External region id on the cloud provider side.","description_kind":"plain","computed":true},"image_id":{"type":"string","description":"The id of this resource instance.","description_kind":"plain","optional":true},"image_name":{"type":"string","description":"A human-friendly image name as seen on the cloud provider side.","description_kind":"plain","optional":true},"name":{"type":"string","description":"A human-friendly name of the image mapping.","description_kind":"plain","required":true},"organization":{"type":"string","description":"A human-friendly description.","description_kind":"plain","computed":true},"os_family":{"type":"string","description":"Operating system family of the image.","description_kind":"plain","computed":true},"owner":{"type":"string","description":"Email of the user that owns the entity.","description_kind":"plain","computed":true},"private":{"type":"bool","description":"Indicates whether this fabric image is private. For vSphere, private images are considered to be templates and snapshots and public are Content Library items.","description_kind":"plain","computed":true}},"block_types":{"constraints":{"nesting_mode":"set","block":{"attributes":{"expression":{"type":"string","description":"An expression of the form \"[!]tag-key[:[tag-value]]\", used to indicate a constraint match on keys and values of tags.","description_kind":"plain","required":true},"mandatory":{"type":"bool","description":"Indicates whether this constraint should be strictly enforced or not.","description_kind":"plain","required":true}},"description":"Constraints that are used to drive placement policies for entities such as image, network, storage, etc. Constraint expressions are matched against tags on existing placement targets.","description_kind":"plain"}}},"description_kind":"plain"}}},"description_kind":"plain"}},"vra_integration":{"version":0,"block":{"attributes":{"associated_cloud_account_ids":{"type":["set","string"],"description":"Ids of the cloud accounts to associate with this integration.","description_kind":"plain","optional":true},"certificate":{"type":"string","description":"Certificate to be used to connect to the integration.","description_kind":"plain","optional":true,"sensitive":true},"created_at":{"type":"string","description":"Date when the entity was created. The date is in ISO 8601 and UTC.","description_kind":"plain","computed":true},"custom_properties":{"type":["map","string"],"description":"Additional custom properties that may be used to extend the Integration.","description_kind":"plain","optional":true,"computed":true},"description":{"type":"string","description":"A human-friendly description.","description_kind":"plain","optional":true},"id":{"type":"string","description_kind":"plain","optional":true,"computed":true},"integration_properties":{"type":["map","string"],"description":"Integration specific properties supplied in as name value pairs.","description_kind":"plain","required":true},"integration_type":{"type":"string","description":"Integration type.","description_kind":"plain","required":true},"links":{"type":["set",["object",{"href":"string","hrefs":["set","string"],"rel":"string"}]],"description_kind":"plain","computed":true},"name":{"type":"string","description":"The name of the integration.","description_kind":"plain","required":true},"org_id":{"type":"string","description":"The id of the organization this entity belongs to.","description_kind":"plain","computed":true},"owner":{"type":"string","description":"Email of the user that owns the entity.","description_kind":"plain","computed":true},"private_key":{"type":"string","description":"Secret access key or password to be used to authenticate with the integration.","description_kind":"plain","optional":true,"sensitive":true},"private_key_id":{"type":"string","description":"Access key id or username to be used to authenticate with the integration.","description_kind":"plain","optional":true,"sensitive":true},"updated_at":{"type":"string","description":"Date when the entity was last updated. The date is ISO 8601 and UTC.","description_kind":"plain","computed":true}},"block_types":{"tags":{"nesting_mode":"set","block":{"attributes":{"key":{"type":"string","description_kind":"plain","required":true},"value":{"type":"string","description_kind":"plain","required":true}},"description_kind":"plain"}}},"description_kind":"plain"}},"vra_load_balancer":{"version":0,"block":{"attributes":{"address":{"type":"string","description_kind":"plain","computed":true},"created_at":{"type":"string","description_kind":"plain","computed":true},"custom_properties":{"type":["map","string"],"description_kind":"plain","optional":true,"computed":true},"deployment_id":{"type":"string","description_kind":"plain","optional":true,"computed":true},"description":{"type":"string","description_kind":"plain","optional":true},"external_id":{"type":"string","description_kind":"plain","computed":true},"external_region_id":{"type":"string","description_kind":"plain","computed":true},"external_zone_id":{"type":"string","description_kind":"plain","computed":true},"id":{"type":"string","description_kind":"plain","optional":true,"computed":true},"internet_facing":{"type":"bool","description_kind":"plain","optional":true},"links":{"type":["set",["object",{"href":"string","hrefs":["set","string"],"rel":"string"}]],"description_kind":"plain","computed":true},"name":{"type":"string","description_kind":"plain","required":true},"organization_id":{"type":"string","description_kind":"plain","computed":true},"owner":{"type":"string","description_kind":"plain","computed":true},"project_id":{"type":"string","description_kind":"plain","required":true},"updated_at":{"type":"string","description_kind":"plain","computed":true}},"block_types":{"nics":{"nesting_mode":"set","block":{"attributes":{"addresses":{"type":["list","string"],"description_kind":"plain","optional":true},"custom_properties":{"type":["map","string"],"description_kind":"plain","optional":true},"description":{"type":"string","description_kind":"plain","optional":true},"device_index":{"type":"number","description_kind":"plain","optional":true},"name":{"type":"string","description_kind":"plain","optional":true},"network_id":{"type":"string","description_kind":"plain","required":true},"security_group_ids":{"type":["set","string"],"description_kind":"plain","optional":true}},"description_kind":"plain"},"min_items":1},"routes":{"nesting_mode":"set","block":{"attributes":{"member_port":{"type":"string","description_kind":"plain","required":true},"member_protocol":{"type":"string","description_kind":"plain","required":true},"port":{"type":"string","description_kind":"plain","required":true},"protocol":{"type":"string","description_kind":"plain","required":true}},"block_types":{"health_check_configuration":{"nesting_mode":"set","block":{"attributes":{"healthy_threshold":{"type":"number","description_kind":"plain","optional":true},"interval_seconds":{"type":"number","description_kind":"plain","optional":true},"port":{"type":"string","description_kind":"plain","required":true},"protocol":{"type":"string","description_kind":"plain","required":true},"timeout_seconds":{"type":"number","description_kind":"plain","optional":true},"unhealthy_threshold":{"type":"number","description_kind":"plain","optional":true},"url_path":{"type":"string","description_kind":"plain","optional":true}},"description_kind":"plain"}}},"description_kind":"plain"},"min_items":1},"tags":{"nesting_mode":"set","block":{"attributes":{"key":{"type":"string","description_kind":"plain","required":true},"value":{"type":"string","description_kind":"plain","required":true}},"description_kind":"plain"}},"targets":{"nesting_mode":"set","block":{"attributes":{"machine_id":{"type":"string","description_kind":"plain","required":true},"network_interface_id":{"type":"string","description_kind":"plain","optional":true}},"description_kind":"plain"}}},"description_kind":"plain"}},"vra_machine":{"version":0,"block":{"attributes":{"address":{"type":"string","description_kind":"plain","computed":true},"created_at":{"type":"string","description_kind":"plain","computed":true},"custom_properties":{"type":["map","string"],"description":"Additional custom properties that may be used to extend the machine.","description_kind":"plain","optional":true,"computed":true},"deployment_id":{"type":"string","description":"The id of the deployment that is associated with this resource.","description_kind":"plain","optional":true,"computed":true},"description":{"type":"string","description":"Describes machine within the scope of your organization and is not propagated to the cloud.","description_kind":"plain","optional":true},"disks_list":{"type":["set",["object",{"block_device_id":"string","description":"string","name":"string"}]],"description":"List of all disks attached to a machine including boot disk, and additional block devices attached using the disks attribute.","description_kind":"plain","computed":true},"external_id":{"type":"string","description_kind":"plain","computed":true},"external_region_id":{"type":"string","description_kind":"plain","computed":true},"external_zone_id":{"type":"string","description_kind":"plain","computed":true},"flavor":{"type":"string","description_kind":"plain","required":true},"id":{"type":"string","description_kind":"plain","optional":true,"computed":true},"image":{"type":"string","description":"Type of image used for this machine.","description_kind":"plain","optional":true},"image_ref":{"type":"string","description_kind":"plain","optional":true},"links":{"type":["set",["object",{"href":"string","hrefs":["set","string"],"rel":"string"}]],"description_kind":"plain","computed":true},"name":{"type":"string","description_kind":"plain","required":true},"organization_id":{"type":"string","description_kind":"plain","computed":true},"owner":{"type":"string","description_kind":"plain","computed":true},"power_state":{"type":"string","description_kind":"plain","computed":true},"project_id":{"type":"string","description_kind":"plain","required":true},"updated_at":{"type":"string","description_kind":"plain","computed":true}},"block_types":{"boot_config":{"nesting_mode":"set","block":{"attributes":{"content":{"type":"string","description":"A valid cloud config data in json-escaped yaml syntax.","description_kind":"plain","optional":true}},"description":"Machine boot config that will be passed to the instance that can be used to perform common automated configuration tasks and even run scripts after the instance starts.","description_kind":"plain"},"max_items":1},"constraints":{"nesting_mode":"set","block":{"attributes":{"expression":{"type":"string","description":"An expression of the form \"[!]tag-key[:[tag-value]]\", used to indicate a constraint match on keys and values of tags.","description_kind":"plain","required":true},"mandatory":{"type":"bool","description":"Indicates whether this constraint should be strictly enforced or not.","description_kind":"plain","required":true}},"description":"Constraints that are used to drive placement policies for entities such as image, network, storage, etc. Constraint expressions are matched against tags on existing placement targets.","description_kind":"plain"}},"disks":{"nesting_mode":"set","block":{"attributes":{"block_device_id":{"type":"string","description":"The id of the existing block device.","description_kind":"plain","required":true},"description":{"type":"string","description":"A human-friendly description.","description_kind":"plain","optional":true},"name":{"type":"string","description":"A human-friendly block-device name used as an identifier in APIs that support this option.","description_kind":"plain","optional":true}},"description":"Specification for attaching/detaching disks to a machine.","description_kind":"plain"}},"image_disk_constraints":{"nesting_mode":"set","block":{"attributes":{"expression":{"type":"string","description":"An expression of the form \"[!]tag-key[:[tag-value]]\", used to indicate a constraint match on keys and values of tags.","description_kind":"plain","required":true},"mandatory":{"type":"bool","description":"Indicates whether this constraint should be strictly enforced or not.","description_kind":"plain","required":true}},"description":"Constraints that are used to drive placement policies for entities such as image, network, storage, etc. Constraint expressions are matched against tags on existing placement targets.","description_kind":"plain"}},"nics":{"nesting_mode":"set","block":{"attributes":{"addresses":{"type":["list","string"],"description_kind":"plain","optional":true},"custom_properties":{"type":["map","string"],"description_kind":"plain","optional":true},"description":{"type":"string","description_kind":"plain","optional":true},"device_index":{"type":"number","description_kind":"plain","optional":true},"name":{"type":"string","description_kind":"plain","optional":true},"network_id":{"type":"string","description_kind":"plain","required":true},"security_group_ids":{"type":["set","string"],"description_kind":"plain","optional":true}},"description_kind":"plain"}},"tags":{"nesting_mode":"set","block":{"attributes":{"key":{"type":"string","description_kind":"plain","required":true},"value":{"type":"string","description_kind":"plain","required":true}},"description_kind":"plain"}},"timeouts":{"nesting_mode":"single","block":{"attributes":{"create":{"type":"string","description_kind":"plain","optional":true},"delete":{"type":"string","description_kind":"plain","optional":true},"update":{"type":"string","description_kind":"plain","optional":true}},"description_kind":"plain"}}},"description_kind":"plain"}},"vra_network":{"version":0,"block":{"attributes":{"cidr":{"type":"string","description_kind":"plain","computed":true},"custom_properties":{"type":["map","string"],"description_kind":"plain","optional":true,"computed":true},"deployment_id":{"type":"string","description_kind":"plain","optional":true,"computed":true},"description":{"type":"string","description_kind":"plain","optional":true},"external_id":{"type":"string","description_kind":"plain","computed":true},"external_zone_id":{"type":"string","description_kind":"plain","computed":true},"id":{"type":"string","description_kind":"plain","optional":true,"computed":true},"links":{"type":["set",["object",{"href":"string","hrefs":["set","string"],"rel":"string"}]],"description_kind":"plain","computed":true},"name":{"type":"string","description_kind":"plain","required":true},"organization_id":{"type":"string","description_kind":"plain","computed":true},"outbound_access":{"type":"bool","description_kind":"plain","optional":true},"owner":{"type":"string","description_kind":"plain","computed":true},"project_id":{"type":"string","description_kind":"plain","required":true},"self_link":{"type":"string","description_kind":"plain","computed":true},"updated_at":{"type":"string","description_kind":"plain","computed":true}},"block_types":{"constraints":{"nesting_mode":"set","block":{"attributes":{"expression":{"type":"string","description":"An expression of the form \"[!]tag-key[:[tag-value]]\", used to indicate a constraint match on keys and values of tags.","description_kind":"plain","required":true},"mandatory":{"type":"bool","description":"Indicates whether this constraint should be strictly enforced or not.","description_kind":"plain","required":true}},"description":"Constraints that are used to drive placement policies for entities such as image, network, storage, etc. Constraint expressions are matched against tags on existing placement targets.","description_kind":"plain"}},"tags":{"nesting_mode":"set","block":{"attributes":{"key":{"type":"string","description_kind":"plain","required":true},"value":{"type":"string","description_kind":"plain","required":true}},"description_kind":"plain"}},"timeouts":{"nesting_mode":"single","block":{"attributes":{"create":{"type":"string","description_kind":"plain","optional":true},"delete":{"type":"string","description_kind":"plain","optional":true},"update":{"type":"string","description_kind":"plain","optional":true}},"description_kind":"plain"}}},"description_kind":"plain"}},"vra_network_ip_range":{"version":0,"block":{"attributes":{"created_at":{"type":"string","description":"Date when the entity was created. The date is in ISO 8601 and UTC.","description_kind":"plain","computed":true},"description":{"type":"string","description":"A human-friendly description.","description_kind":"plain","optional":true},"end_ip_address":{"type":"string","description":"End IP address of the range.","description_kind":"plain","required":true},"external_id":{"type":"string","description":"External entity Id on the provider side.","description_kind":"plain","computed":true},"fabric_network_id":{"type":"string","description":"The Id of the fabric network.","description_kind":"plain","deprecated":true,"optional":true},"fabric_network_ids":{"type":["set","string"],"description":"The Ids of the fabric networks.","description_kind":"plain","optional":true},"id":{"type":"string","description_kind":"plain","optional":true,"computed":true},"ip_version":{"type":"string","description":"IP address version: IPv4 or IPv6.","description_kind":"plain","required":true},"links":{"type":["set",["object",{"href":"string","hrefs":["set","string"],"rel":"string"}]],"description_kind":"plain","computed":true},"name":{"type":"string","description":"The name of the network IP range.","description_kind":"plain","required":true},"org_id":{"type":"string","description":"The id of the organization this entity belongs to.","description_kind":"plain","computed":true},"owner":{"type":"string","description":"Email of the user that owns the entity.","description_kind":"plain","computed":true},"start_ip_address":{"type":"string","description":"Start IP address of the range.","description_kind":"plain","required":true},"updated_at":{"type":"string","description":"Date when the entity was last updated. The date is ISO 8601 and UTC.","description_kind":"plain","computed":true}},"block_types":{"tags":{"nesting_mode":"set","block":{"attributes":{"key":{"type":"string","description_kind":"plain","required":true},"value":{"type":"string","description_kind":"plain","required":true}},"description_kind":"plain"}}},"description_kind":"plain"}},"vra_network_profile":{"version":0,"block":{"attributes":{"cloud_account_id":{"type":"string","description":"The ID of the cloud account this entity belongs to.","description_kind":"plain","computed":true},"created_at":{"type":"string","description_kind":"plain","computed":true},"custom_properties":{"type":["map","string"],"description_kind":"plain","optional":true,"computed":true},"description":{"type":"string","description_kind":"plain","optional":true},"external_region_id":{"type":"string","description_kind":"plain","computed":true},"fabric_network_ids":{"type":["set","string"],"description_kind":"plain","optional":true},"id":{"type":"string","description_kind":"plain","optional":true,"computed":true},"isolated_external_fabric_network_id":{"type":"string","description_kind":"plain","optional":true},"isolated_network_cidr_prefix":{"type":"number","description_kind":"plain","optional":true},"isolated_network_domain_cidr":{"type":"string","description_kind":"plain","optional":true},"isolated_network_domain_id":{"type":"string","description_kind":"plain","optional":true},"isolation_type":{"type":"string","description_kind":"plain","optional":true},"links":{"type":["set",["object",{"href":"string","hrefs":["set","string"],"rel":"string"}]],"description_kind":"plain","computed":true},"name":{"type":"string","description_kind":"plain","required":true},"org_id":{"type":"string","description_kind":"plain","computed":true},"organization_id":{"type":"string","description_kind":"plain","computed":true},"owner":{"type":"string","description_kind":"plain","computed":true},"region_id":{"type":"string","description_kind":"plain","required":true},"security_group_ids":{"type":["set","string"],"description_kind":"plain","optional":true},"updated_at":{"type":"string","description_kind":"plain","computed":true}},"block_types":{"tags":{"nesting_mode":"set","block":{"attributes":{"key":{"type":"string","description_kind":"plain","required":true},"value":{"type":"string","description_kind":"plain","required":true}},"description_kind":"plain"}}},"description_kind":"plain"}},"vra_project":{"version":0,"block":{"attributes":{"administrators":{"type":["set","string"],"description":"List of administrator users associated with the project. Only administrators can manage project's configuration.","description_kind":"plain","deprecated":true,"optional":true},"custom_properties":{"type":["map","string"],"description":"The project custom properties which are added to all requests in this project","description_kind":"plain","optional":true},"description":{"type":"string","description":"A human-friendly description.","description_kind":"plain","optional":true},"id":{"type":"string","description_kind":"plain","optional":true,"computed":true},"machine_naming_template":{"type":"string","description":"The naming template to be used for resources provisioned in this project.","description_kind":"plain","optional":true},"members":{"type":["set","string"],"description":"List of member users associated with the project.","description_kind":"plain","deprecated":true,"optional":true},"name":{"type":"string","description":"A human-friendly name used as an identifier in APIs that support this option.","description_kind":"plain","required":true},"operation_timeout":{"type":"number","description":"The timeout that should be used for Blueprint operations and Provisioning tasks. The timeout is in seconds.","description_kind":"plain","optional":true},"placement_policy":{"type":"string","description":"The placement policy that will be applied when selecting a cloud zone for provisioning.","description_kind":"plain","optional":true},"shared_resources":{"type":"bool","description":"Specifies whether the resources in this projects are shared or not. If not set default will be used.","description_kind":"plain","optional":true},"viewers":{"type":["set","string"],"description":"List of viewer users associated with the project.","description_kind":"plain","deprecated":true,"optional":true}},"block_types":{"administrator_roles":{"nesting_mode":"set","block":{"attributes":{"email":{"type":"string","description":"The email of the user or name of the group.","description_kind":"plain","required":true},"type":{"type":"string","description":"Type of the principal. Currently supported ‘user’ (default) and 'group’.","description_kind":"plain","optional":true}},"description":"List of administrator roles associated with the project. Only administrators can manage project's configuration.","description_kind":"plain"}},"constraints":{"nesting_mode":"set","block":{"block_types":{"extensibility":{"nesting_mode":"set","block":{"attributes":{"expression":{"type":"string","description":"An expression of the form \"[!]tag-key[:[tag-value]]\", used to indicate a constraint match on keys and values of tags.","description_kind":"plain","required":true},"mandatory":{"type":"bool","description":"Indicates whether this constraint should be strictly enforced or not.","description_kind":"plain","required":true}},"description":"Constraints that are used to drive placement policies for entities such as image, network, storage, etc. Constraint expressions are matched against tags on existing placement targets.","description_kind":"plain"}},"network":{"nesting_mode":"set","block":{"attributes":{"expression":{"type":"string","description":"An expression of the form \"[!]tag-key[:[tag-value]]\", used to indicate a constraint match on keys and values of tags.","description_kind":"plain","required":true},"mandatory":{"type":"bool","description":"Indicates whether this constraint should be strictly enforced or not.","description_kind":"plain","required":true}},"description":"Constraints that are used to drive placement policies for entities such as image, network, storage, etc. Constraint expressions are matched against tags on existing placement targets.","description_kind":"plain"}},"storage":{"nesting_mode":"set","block":{"attributes":{"expression":{"type":"string","description":"An expression of the form \"[!]tag-key[:[tag-value]]\", used to indicate a constraint match on keys and values of tags.","description_kind":"plain","required":true},"mandatory":{"type":"bool","description":"Indicates whether this constraint should be strictly enforced or not.","description_kind":"plain","required":true}},"description":"Constraints that are used to drive placement policies for entities such as image, network, storage, etc. Constraint expressions are matched against tags on existing placement targets.","description_kind":"plain"}}},"description":"List of storage, network and extensibility constraints to be applied when provisioning through this project.","description_kind":"plain"},"max_items":1},"member_roles":{"nesting_mode":"set","block":{"attributes":{"email":{"type":"string","description":"The email of the user or name of the group.","description_kind":"plain","required":true},"type":{"type":"string","description":"Type of the principal. Currently supported ‘user’ (default) and 'group’.","description_kind":"plain","optional":true}},"description":"List of member roles associated with the project.","description_kind":"plain"}},"supervisor_roles":{"nesting_mode":"set","block":{"attributes":{"email":{"type":"string","description":"The email of the user or name of the group.","description_kind":"plain","required":true},"type":{"type":"string","description":"Type of the principal. Currently supported ‘user’ (default) and 'group’.","description_kind":"plain","optional":true}},"description":"List of supervisor roles associated with the project.","description_kind":"plain"}},"viewer_roles":{"nesting_mode":"set","block":{"attributes":{"email":{"type":"string","description":"The email of the user or name of the group.","description_kind":"plain","required":true},"type":{"type":"string","description":"Type of the principal. Currently supported ‘user’ (default) and 'group’.","description_kind":"plain","optional":true}},"description":"List of viewer roles associated with the project.","description_kind":"plain"}},"zone_assignments":{"nesting_mode":"set","block":{"attributes":{"cpu_limit":{"type":"number","description":"The maximum amount of cpus that can be used by this cloud zone. Default is 0 (unlimited cpu).","description_kind":"plain","optional":true},"max_instances":{"type":"number","description":"The maximum number of instances that can be provisioned in this cloud zone. Default is 0 (unlimited instances)","description_kind":"plain","optional":true},"memory_limit_mb":{"type":"number","description":"The maximum amount of memory that can be used by this cloud zone. Default is 0 (unlimited memory).","description_kind":"plain","optional":true},"priority":{"type":"number","description":"The priority of this zone in the current project. Lower numbers mean higher priority. Default is 0 (highest)","description_kind":"plain","optional":true},"storage_limit_gb":{"type":"number","description":"Upper limit on storage that can be requested from a cloud zone which is part of this project. Default is 0 (unlimited storage). Supported only for vSphere cloud zones.","description_kind":"plain","optional":true},"zone_id":{"type":"string","description":"The Cloud Zone Id","description_kind":"plain","required":true}},"description":"List of configurations for zone assignment to a project.","description_kind":"plain"}}},"description_kind":"plain"}},"vra_storage_profile":{"version":0,"block":{"attributes":{"cloud_account_id":{"type":"string","description":"Id of the cloud account this storage profile belongs to.","description_kind":"plain","computed":true},"created_at":{"type":"string","description":"Date when the entity was created. The date is in ISO 8601 and UTC.","description_kind":"plain","computed":true},"default_item":{"type":"bool","description":"Indicates if this storage profile is a default profile.","description_kind":"plain","required":true},"description":{"type":"string","description":"A human-friendly description.","description_kind":"plain","optional":true},"disk_properties":{"type":["map","string"],"description":"Map of storage properties that are to be applied on disk while provisioning.","description_kind":"plain","optional":true},"disk_target_properties":{"type":["map","string"],"description":"Map of storage placements to know where the disk is provisioned.","description_kind":"plain","optional":true},"external_region_id":{"type":"string","description":"The id of the region as seen in the cloud provider for which this profile is defined.","description_kind":"plain","computed":true},"id":{"type":"string","description_kind":"plain","optional":true,"computed":true},"links":{"type":["set",["object",{"href":"string","hrefs":["set","string"],"rel":"string"}]],"description_kind":"plain","computed":true},"name":{"type":"string","description":"A human-friendly name for storage profile.","description_kind":"plain","required":true},"org_id":{"type":"string","description":"The id of the organization this entity belongs to.","description_kind":"plain","computed":true},"owner":{"type":"string","description":"Email of the user that owns the entity.","description_kind":"plain","computed":true},"region_id":{"type":"string","description":"The id of the region that is associated with the storage profile.","description_kind":"plain","required":true},"supports_encryption":{"type":"bool","description":"Indicates whether this storage profile supports encryption or not.","description_kind":"plain","optional":true,"computed":true},"updated_at":{"type":"string","description":"Date when the entity was last updated. The date is ISO 8601 and UTC.","description_kind":"plain","computed":true}},"block_types":{"tags":{"nesting_mode":"set","block":{"attributes":{"key":{"type":"string","description_kind":"plain","required":true},"value":{"type":"string","description_kind":"plain","required":true}},"description_kind":"plain"}}},"description_kind":"plain"}},"vra_storage_profile_aws":{"version":0,"block":{"attributes":{"created_at":{"type":"string","description_kind":"plain","computed":true},"default_item":{"type":"bool","description_kind":"plain","required":true},"description":{"type":"string","description_kind":"plain","optional":true,"computed":true},"device_type":{"type":"string","description_kind":"plain","optional":true,"computed":true},"external_region_id":{"type":"string","description_kind":"plain","computed":true},"id":{"type":"string","description_kind":"plain","optional":true,"computed":true},"iops":{"type":"string","description_kind":"plain","optional":true,"computed":true},"links":{"type":["set",["object",{"href":"string","hrefs":["set","string"],"rel":"string"}]],"description_kind":"plain","computed":true},"name":{"type":"string","description_kind":"plain","required":true},"organization_id":{"type":"string","description_kind":"plain","computed":true},"owner":{"type":"string","description_kind":"plain","computed":true},"region_id":{"type":"string","description_kind":"plain","required":true},"supports_encryption":{"type":"bool","description_kind":"plain","optional":true,"computed":true},"updated_at":{"type":"string","description_kind":"plain","computed":true},"volume_type":{"type":"string","description_kind":"plain","optional":true,"computed":true}},"block_types":{"tags":{"nesting_mode":"set","block":{"attributes":{"key":{"type":"string","description_kind":"plain","required":true},"value":{"type":"string","description_kind":"plain","required":true}},"description_kind":"plain"}}},"description_kind":"plain"}},"vra_storage_profile_azure":{"version":0,"block":{"attributes":{"created_at":{"type":"string","description_kind":"plain","computed":true},"data_disk_caching":{"type":"string","description_kind":"plain","optional":true,"computed":true},"default_item":{"type":"bool","description_kind":"plain","required":true},"description":{"type":"string","description_kind":"plain","optional":true,"computed":true},"disk_type":{"type":"string","description_kind":"plain","optional":true,"computed":true},"external_region_id":{"type":"string","description_kind":"plain","computed":true},"id":{"type":"string","description_kind":"plain","optional":true,"computed":true},"links":{"type":["set",["object",{"href":"string","hrefs":["set","string"],"rel":"string"}]],"description_kind":"plain","computed":true},"name":{"type":"string","description_kind":"plain","required":true},"organization_id":{"type":"string","description_kind":"plain","computed":true},"os_disk_caching":{"type":"string","description_kind":"plain","optional":true,"computed":true},"owner":{"type":"string","description_kind":"plain","computed":true},"region_id":{"type":"string","description_kind":"plain","required":true},"storage_account_id":{"type":"string","description_kind":"plain","optional":true,"computed":true},"supports_encryption":{"type":"bool","description_kind":"plain","optional":true,"computed":true},"updated_at":{"type":"string","description_kind":"plain","computed":true}},"block_types":{"tags":{"nesting_mode":"set","block":{"attributes":{"key":{"type":"string","description_kind":"plain","required":true},"value":{"type":"string","description_kind":"plain","required":true}},"description_kind":"plain"}}},"description_kind":"plain"}},"vra_storage_profile_vsphere":{"version":0,"block":{"attributes":{"cloud_account_id":{"type":"string","description":"Id of the cloud account this storage profile belongs to.","description_kind":"plain","computed":true},"created_at":{"type":"string","description":"Date when the entity was created. The date is in ISO 8601 and UTC.","description_kind":"plain","computed":true},"datastore_id":{"type":"string","description":"Id of the vSphere Datastore for placing disk and VM.","description_kind":"plain","optional":true},"default_item":{"type":"bool","description":"Indicates if a storage profile acts as a default storage profile for a disk.","description_kind":"plain","required":true},"description":{"type":"string","description":"A human-friendly description.","description_kind":"plain","optional":true},"disk_mode":{"type":"string","description":"Type of mode for the disk. Omitting this value will set it to dependent. example: dependent / independent-persistent / independent-nonpersistent.","description_kind":"plain","optional":true,"computed":true},"disk_type":{"type":"string","description":"Disk types are specified as standard or first class, empty value is considered as standard.","description_kind":"plain","optional":true},"external_region_id":{"type":"string","description":"The id of the region for which this profile is defined","description_kind":"plain","computed":true},"id":{"type":"string","description_kind":"plain","optional":true,"computed":true},"limit_iops":{"type":"string","description":"The upper bound for the I/O operations per second allocated for each virtual disk.","description_kind":"plain","optional":true},"links":{"type":["set",["object",{"href":"string","hrefs":["set","string"],"rel":"string"}]],"description_kind":"plain","computed":true},"name":{"type":"string","description":"A human-friendly name used as an identifier in APIs that support this option.","description_kind":"plain","required":true},"org_id":{"type":"string","description":"The id of the organization this entity belongs to.","description_kind":"plain","computed":true},"owner":{"type":"string","description":"Email of the user that owns the entity.","description_kind":"plain","computed":true},"provisioning_type":{"type":"string","description":"Type of provisioning policy for the disk.","description_kind":"plain","optional":true},"region_id":{"type":"string","description":"The Id of the region that is associated with the storage profile.","description_kind":"plain","required":true},"shares":{"type":"string","description":"A specific number of shares assigned to each virtual machine.","description_kind":"plain","optional":true},"shares_level":{"type":"string","description":"Indicates whether this storage profile supports encryption or not.","description_kind":"plain","optional":true},"storage_policy_id":{"type":"string","description":"Id of the vSphere Storage Policy to be applied.","description_kind":"plain","optional":true},"supports_encryption":{"type":"bool","description":"Indicates whether this storage profile supports encryption or not.","description_kind":"plain","optional":true},"updated_at":{"type":"string","description":"Date when the entity was last updated. The date is ISO 8601 and UTC.","description_kind":"plain","computed":true}},"block_types":{"tags":{"nesting_mode":"set","block":{"attributes":{"key":{"type":"string","description_kind":"plain","required":true},"value":{"type":"string","description_kind":"plain","required":true}},"description_kind":"plain"}}},"description_kind":"plain"}},"vra_zone":{"version":0,"block":{"attributes":{"cloud_account_id":{"type":"string","description":"The ID of the cloud account this zone belongs to.","description_kind":"plain","computed":true},"compute_ids":{"type":["set","string"],"description":"The ids of the compute resources that will be explicitly assigned to this zone.","description_kind":"plain","optional":true,"computed":true},"created_at":{"type":"string","description":"Date when the entity was created. The date is in ISO 8601 and UTC.","description_kind":"plain","computed":true},"custom_properties":{"type":["map","string"],"description":"A list of key value pair of properties that will be used.","description_kind":"plain","optional":true,"computed":true},"description":{"type":"string","description":"A human-friendly description.","description_kind":"plain","optional":true},"external_region_id":{"type":"string","description":"The id of the region for which this zone is defined.","description_kind":"plain","computed":true},"folder":{"type":"string","description":"The folder relative path to the datacenter where resources are deployed to (only applicable for vSphere cloud zones).","description_kind":"plain","optional":true},"id":{"type":"string","description_kind":"plain","optional":true,"computed":true},"links":{"type":["set",["object",{"href":"string","hrefs":["set","string"],"rel":"string"}]],"description_kind":"plain","computed":true},"name":{"type":"string","description":"A human-friendly name used as an identifier for the zone resource instance.","description_kind":"plain","required":true},"org_id":{"type":"string","description":"The id of the organization this entity belongs to.","description_kind":"plain","computed":true},"owner":{"type":"string","description":"Email of the user that owns the entity.","description_kind":"plain","computed":true},"placement_policy":{"type":"string","description":"The placement policy for the zone. One of DEFAULT, SPREAD or BINPACK.","description_kind":"plain","optional":true},"region_id":{"type":"string","description":"The id of the region for which this zone is created.","description_kind":"plain","required":true},"updated_at":{"type":"string","description":"Date when the entity was last updated. The date is ISO 8601 and UTC.","description_kind":"plain","computed":true}},"block_types":{"tags":{"nesting_mode":"set","block":{"attributes":{"key":{"type":"string","description_kind":"plain","required":true},"value":{"type":"string","description_kind":"plain","required":true}},"description_kind":"plain"}},"tags_to_match":{"nesting_mode":"set","block":{"attributes":{"key":{"type":"string","description_kind":"plain","required":true},"value":{"type":"string","description_kind":"plain","required":true}},"description_kind":"plain"}}},"description_kind":"plain"}}},"data_source_schemas":{"vra_block_device":{"version":0,"block":{"attributes":{"capacity_in_gb":{"type":"number","description":"Capacity of the block device in GB.","description_kind":"plain","computed":true},"cloud_account_ids":{"type":["set","string"],"description":"Id of the cloud account this storage profile belongs to.","description_kind":"plain","computed":true},"created_at":{"type":"string","description":"Date when the entity was created. The date is in ISO 8601 and UTC.","description_kind":"plain","computed":true},"custom_properties":{"type":["map","string"],"description":"\"Additional custom properties that may be used to extend the block device.","description_kind":"plain","computed":true},"deployment_id":{"type":"string","description":"The id of the deployment that is associated with this resource.","description_kind":"plain","computed":true},"description":{"type":"string","description":"A human-friendly description.","description_kind":"plain","optional":true},"expand_snapshots":{"type":"bool","description":"Indicates whether the snapshots of the block-devices should be included in the state. Applicable only for first class block devices.","description_kind":"plain","optional":true},"external_id":{"type":"string","description":"External entity id on the cloud provider side.","description_kind":"plain","computed":true},"external_region_id":{"type":"string","description":"The external regionId of the resource.","description_kind":"plain","computed":true},"external_zone_id":{"type":"string","description":"The external zoneId of the resource.","description_kind":"plain","computed":true},"filter":{"type":"string","description":"Search criteria to filter the list of block devices.","description_kind":"plain","optional":true},"id":{"type":"string","description":"The id of the block device.","description_kind":"plain","optional":true,"computed":true},"links":{"type":["set",["object",{"href":"string","hrefs":["set","string"],"rel":"string"}]],"description_kind":"plain","computed":true},"name":{"type":"string","description":"A human-friendly name for the block device.","description_kind":"plain","computed":true},"org_id":{"type":"string","description":"The id of the organization this block device belongs to.","description_kind":"plain","computed":true},"owner":{"type":"string","description":"Email of the user that owns this block device.","description_kind":"plain","computed":true},"persistent":{"type":"bool","description":"Indicates whether the block device survives a delete action.","description_kind":"plain","computed":true},"project_id":{"type":"string","description":"The id of the project this resource belongs to.","description_kind":"plain","computed":true},"snapshots":{"type":["set",["object",{"created_at":"string","description":"string","id":"string","is_current":"bool","links":["set",["object",{"href":"string","hrefs":["set","string"],"rel":"string"}]],"name":"string","org_id":"string","owner":"string","updated_at":"string"}]],"description_kind":"plain","computed":true},"status":{"type":"string","description":"Status of the block device.","description_kind":"plain","computed":true},"updated_at":{"type":"string","description":"Date when the entity was last updated. The date is ISO 8601 and UTC.","description_kind":"plain","computed":true}},"block_types":{"tags":{"nesting_mode":"set","block":{"attributes":{"key":{"type":"string","description_kind":"plain","required":true},"value":{"type":"string","description_kind":"plain","required":true}},"description_kind":"plain"}}},"description_kind":"plain"}},"vra_block_device_snapshots":{"version":0,"block":{"attributes":{"block_device_id":{"type":"string","description_kind":"plain","required":true},"id":{"type":"string","description_kind":"plain","optional":true,"computed":true},"snapshots":{"type":["set",["object",{"created_at":"string","description":"string","id":"string","is_current":"bool","links":["set",["object",{"href":"string","hrefs":["set","string"],"rel":"string"}]],"name":"string","org_id":"string","owner":"string","updated_at":"string"}]],"description_kind":"plain","computed":true}},"description_kind":"plain"}},"vra_blueprint":{"version":0,"block":{"attributes":{"content":{"type":"string","description":"Cloud template YAML content.","description_kind":"plain","computed":true},"content_source_id":{"type":"string","description":"The id of the content source.","description_kind":"plain","computed":true},"content_source_path":{"type":"string","description":"The path of the content source.","description_kind":"plain","computed":true},"content_source_sync_at":{"type":"string","description":"Content source last sync at.","description_kind":"plain","computed":true},"content_source_sync_messages":{"type":["set","string"],"description":"Content source last sync status.","description_kind":"plain","computed":true},"content_source_sync_status":{"type":"string","description":"Content source last sync status.","description_kind":"plain","computed":true},"content_source_type":{"type":"string","description":"The type of the content source.","description_kind":"plain","computed":true},"created_at":{"type":"string","description":"Date when the entity was created. The date is in ISO 6801 and UTC.","description_kind":"plain","computed":true},"created_by":{"type":"string","description":"The user the entity was created by.","description_kind":"plain","computed":true},"description":{"type":"string","description":"A human-friendly description.","description_kind":"plain","computed":true},"id":{"type":"string","description":"The id of the cloud template.","description_kind":"plain","optional":true,"computed":true},"name":{"type":"string","description":"The name of the cloud template.","description_kind":"plain","optional":true,"computed":true},"org_id":{"type":"string","description":"The id of the organization this entity belongs to.","description_kind":"plain","computed":true},"project_id":{"type":"string","description":"The id of the project to narrow the search while looking for cloud templates.","description_kind":"plain","optional":true,"computed":true},"project_name":{"type":"string","description":"The name of the project the entity belongs to.","description_kind":"plain","computed":true},"request_scope_org":{"type":"bool","description":"Flag to indicate whether this cloud template can be requested from any project in the organization this entity belongs to.","description_kind":"plain","computed":true},"self_link":{"type":"string","description":"HATEOAS of the entity.","description_kind":"plain","computed":true},"status":{"type":"string","description":"Status of the cloud template.","description_kind":"plain","computed":true},"total_released_versions":{"type":"number","description":"Total number of released versions.","description_kind":"plain","computed":true},"total_versions":{"type":"number","description":"Total number of versions.","description_kind":"plain","computed":true},"updated_at":{"type":"string","description":"Date when the entity was last updated. The date is ISO 8601 and UTC.","description_kind":"plain","computed":true},"updated_by":{"type":"string","description":"The user the entity was last updated by.","description_kind":"plain","computed":true},"valid":{"type":"bool","description":"Flag to indicate if the current content of the cloud template is valid.","description_kind":"plain","computed":true},"validation_messages":{"type":["set",["object",{"message":"string","metadata":["map","string"],"path":"string","resource_name":"string","type":"string"}]],"description_kind":"plain","computed":true}},"description_kind":"plain"}},"vra_blueprint_version":{"version":0,"block":{"attributes":{"blueprint_description":{"type":"string","description_kind":"plain","computed":true},"blueprint_id":{"type":"string","description_kind":"plain","required":true},"content":{"type":"string","description_kind":"plain","computed":true},"created_at":{"type":"string","description_kind":"plain","computed":true},"created_by":{"type":"string","description_kind":"plain","computed":true},"description":{"type":"string","description_kind":"plain","computed":true},"id":{"type":"string","description_kind":"plain","required":true},"name":{"type":"string","description_kind":"plain","computed":true},"org_id":{"type":"string","description_kind":"plain","computed":true},"project_id":{"type":"string","description_kind":"plain","computed":true},"project_name":{"type":"string","description_kind":"plain","computed":true},"status":{"type":"string","description_kind":"plain","computed":true},"updated_at":{"type":"string","description_kind":"plain","computed":true},"updated_by":{"type":"string","description_kind":"plain","computed":true},"valid":{"type":"string","description_kind":"plain","computed":true},"version":{"type":"string","description_kind":"plain","computed":true},"version_change_log":{"type":"string","description_kind":"plain","computed":true}},"description_kind":"plain"}},"vra_catalog_item":{"version":0,"block":{"attributes":{"created_at":{"type":"string","description":"Date-time when the entity was created.","description_kind":"plain","computed":true},"created_by":{"type":"string","description":"The user the entity was created by.","description_kind":"plain","computed":true},"description":{"type":"string","description":"Catalog item description.","description_kind":"plain","computed":true},"expand_projects":{"type":"bool","description":"Flag to indicate whether to expand detailed project data for the catalog item.","description_kind":"plain","optional":true},"expand_versions":{"type":"bool","description":"Flag to indicate whether to expand detailed versions of the catalog item.","description_kind":"plain","optional":true},"form_id":{"type":"string","description":"Form ID.","description_kind":"plain","computed":true},"icon_id":{"type":"string","description":"Icon ID.","description_kind":"plain","computed":true},"id":{"type":"string","description":"The id of catalog item. One of `id` or `name` must be provided.","description_kind":"plain","optional":true,"computed":true},"last_updated_at":{"type":"string","description":"Date-time when the entity was last updated.","description_kind":"plain","computed":true},"last_updated_by":{"type":"string","description":"The user the entity was last updated by.","description_kind":"plain","computed":true},"name":{"type":"string","description":"The name of the catalog item. One of `id` or `name` must be provided.","description_kind":"plain","optional":true,"computed":true},"project_id":{"type":"string","description":"The id of the project to narrow the search while looking for catalog items.","description_kind":"plain","optional":true},"project_ids":{"type":["set","string"],"description":"List of associated project IDs that can be used for requesting this catalog item.","description_kind":"plain","computed":true},"projects":{"type":["set",["object",{"description":"string","id":"string","name":"string","version":"string"}]],"description_kind":"plain","computed":true},"schema":{"type":"string","description":"Json schema describing request parameters.","description_kind":"plain","computed":true},"source_id":{"type":"string","description":"LibraryItem source ID.","description_kind":"plain","computed":true},"source_name":{"type":"string","description":"LibraryItem source name.","description_kind":"plain","computed":true},"type":{"type":["set",["object",{"description":"string","id":"string","name":"string","version":"string"}]],"description_kind":"plain","computed":true},"versions":{"type":["set",["object",{"created_at":"string","description":"string","id":"string"}]],"description_kind":"plain","computed":true}},"description_kind":"plain"}},"vra_catalog_item_entitlement":{"version":0,"block":{"attributes":{"catalog_item_id":{"type":"string","description":"Catalog item id.","description_kind":"plain","optional":true},"definition":{"type":["set",["object",{"description":"string","icon_id":"string","id":"string","name":"string","number_of_items":"number","source_name":"string","source_type":"string","type":"string"}]],"description_kind":"plain","computed":true},"id":{"type":"string","description":"Entitlement id.","description_kind":"plain","optional":true},"project_id":{"type":"string","description":"Project id.","description_kind":"plain","required":true}},"description_kind":"plain","deprecated":true}},"vra_catalog_source_blueprint":{"version":0,"block":{"attributes":{"config":{"type":["map","string"],"description_kind":"plain","optional":true,"computed":true},"created_at":{"type":"string","description_kind":"plain","computed":true},"created_by":{"type":"string","description_kind":"plain","computed":true},"description":{"type":"string","description_kind":"plain","optional":true},"global":{"type":"bool","description_kind":"plain","computed":true},"id":{"type":"string","description_kind":"plain","optional":true},"items_found":{"type":"string","description_kind":"plain","computed":true},"items_imported":{"type":"string","description_kind":"plain","computed":true},"last_import_completed_at":{"type":"string","description_kind":"plain","computed":true},"last_import_errors":{"type":["set","string"],"description_kind":"plain","computed":true},"last_import_started_at":{"type":"string","description_kind":"plain","computed":true},"last_updated_by":{"type":"string","description_kind":"plain","computed":true},"name":{"type":"string","description_kind":"plain","optional":true,"computed":true},"project_id":{"type":"string","description_kind":"plain","optional":true,"computed":true},"type_id":{"type":"string","description_kind":"plain","computed":true}},"description_kind":"plain"}},"vra_catalog_source_entitlement":{"version":0,"block":{"attributes":{"catalog_source_id":{"type":"string","description":"Catalog source id.","description_kind":"plain","optional":true},"definition":{"type":["set",["object",{"description":"string","icon_id":"string","id":"string","name":"string","number_of_items":"number","source_name":"string","source_type":"string","type":"string"}]],"description_kind":"plain","computed":true},"id":{"type":"string","description":"Entitlement id.","description_kind":"plain","optional":true},"project_id":{"type":"string","description":"Project id.","description_kind":"plain","required":true}},"description_kind":"plain","deprecated":true}},"vra_cloud_account_aws":{"version":0,"block":{"attributes":{"access_key":{"type":"string","description":"Aws Access key ID.","description_kind":"plain","computed":true},"created_at":{"type":"string","description":"Date when the entity was created. The date is in ISO 8601 and UTC.","description_kind":"plain","computed":true},"description":{"type":"string","description":"A human-friendly description.","description_kind":"plain","computed":true},"id":{"type":"string","description":"The id of this resource instance.","description_kind":"plain","optional":true,"computed":true},"links":{"type":["set",["object",{"href":"string","hrefs":["set","string"],"rel":"string"}]],"description_kind":"plain","computed":true},"name":{"type":"string","description":"The name of this resource instance.","description_kind":"plain","optional":true,"computed":true},"org_id":{"type":"string","description":"The id of the organization this entity belongs to.","description_kind":"plain","computed":true},"owner":{"type":"string","description":"Email of the user that owns the entity.","description_kind":"plain","computed":true},"regions":{"type":["set","string"],"description":"The set of region ids that are enabled for this cloud account.","description_kind":"plain","computed":true},"updated_at":{"type":"string","description":"Date when the entity was last updated. The date is ISO 8601 and UTC.","description_kind":"plain","computed":true}},"block_types":{"tags":{"nesting_mode":"set","block":{"attributes":{"key":{"type":"string","description_kind":"plain","required":true},"value":{"type":"string","description_kind":"plain","required":true}},"description_kind":"plain"}}},"description_kind":"plain"}},"vra_cloud_account_azure":{"version":0,"block":{"attributes":{"application_id":{"type":"string","description":"Azure Client Application ID.","description_kind":"plain","computed":true},"created_at":{"type":"string","description":"Date when the entity was created. The date is in ISO 8601 and UTC.","description_kind":"plain","computed":true},"description":{"type":"string","description":"A human-friendly description.","description_kind":"plain","computed":true},"id":{"type":"string","description":"The id of this resource instance.","description_kind":"plain","optional":true,"computed":true},"links":{"type":["set",["object",{"href":"string","hrefs":["set","string"],"rel":"string"}]],"description_kind":"plain","computed":true},"name":{"type":"string","description":"The name of this resource instance.","description_kind":"plain","optional":true,"computed":true},"org_id":{"type":"string","description":"The id of the organization this entity belongs to.","description_kind":"plain","computed":true},"owner":{"type":"string","description":"Email of the user that owns the entity.","description_kind":"plain","computed":true},"regions":{"type":["set","string"],"description":"The set of region ids that are enabled for this cloud account.","description_kind":"plain","computed":true},"subscription_id":{"type":"string","description":"Azure Subscription ID.","description_kind":"plain","computed":true},"tenant_id":{"type":"string","description":"Azure Tenant ID.","description_kind":"plain","computed":true},"updated_at":{"type":"string","description":"Date when the entity was last updated. The date is ISO 8601 and UTC.","description_kind":"plain","computed":true}},"block_types":{"tags":{"nesting_mode":"set","block":{"attributes":{"key":{"type":"string","description_kind":"plain","required":true},"value":{"type":"string","description_kind":"plain","required":true}},"description_kind":"plain"}}},"description_kind":"plain"}},"vra_cloud_account_gcp":{"version":0,"block":{"attributes":{"client_email":{"type":"string","description":"GCP Client email.","description_kind":"plain","computed":true},"created_at":{"type":"string","description":"Date when the entity was created. The date is in ISO 8601 and UTC.","description_kind":"plain","computed":true},"description":{"type":"string","description":"A human-friendly description.","description_kind":"plain","computed":true},"id":{"type":"string","description":"The id of this resource instance.","description_kind":"plain","optional":true,"computed":true},"links":{"type":["set",["object",{"href":"string","hrefs":["set","string"],"rel":"string"}]],"description_kind":"plain","computed":true},"name":{"type":"string","description":"The name of this resource instance.","description_kind":"plain","optional":true,"computed":true},"org_id":{"type":"string","description":"The id of the organization this entity belongs to.","description_kind":"plain","computed":true},"owner":{"type":"string","description":"Email of the user that owns the entity.","description_kind":"plain","computed":true},"private_key_id":{"type":"string","description":"GCP Private key ID.","description_kind":"plain","computed":true},"project_id":{"type":"string","description":"GCP Project ID.","description_kind":"plain","computed":true},"regions":{"type":["set","string"],"description":"The set of region ids that are enabled for this cloud account.","description_kind":"plain","computed":true},"updated_at":{"type":"string","description":"Date when the entity was last updated. The date is ISO 8601 and UTC.","description_kind":"plain","computed":true}},"block_types":{"tags":{"nesting_mode":"set","block":{"attributes":{"key":{"type":"string","description_kind":"plain","required":true},"value":{"type":"string","description_kind":"plain","required":true}},"description_kind":"plain"}}},"description_kind":"plain"}},"vra_cloud_account_nsxt":{"version":0,"block":{"attributes":{"associated_cloud_account_ids":{"type":["set","string"],"description_kind":"plain","computed":true},"created_at":{"type":"string","description":"Date when the entity was created. The date is in ISO 8601 and UTC.","description_kind":"plain","computed":true},"dc_id":{"type":"string","description":"Identifier of a data collector vm deployed in the on premise infrastructure","description_kind":"plain","computed":true},"description":{"type":"string","description":"A human-friendly description.","description_kind":"plain","computed":true},"hostname":{"type":"string","description":"Host name for the NSX-T endpoint.","description_kind":"plain","computed":true},"id":{"type":"string","description":"The id of this resource instance.","description_kind":"plain","optional":true,"computed":true},"links":{"type":["set",["object",{"href":"string","hrefs":["set","string"],"rel":"string"}]],"description_kind":"plain","computed":true},"manager_mode":{"type":"bool","description":"Indicates if NSX-T cloud account is created in Manager (legacy) mode. When set to true, NSX-T cloud account is created in Manager mode. Mode cannot be changed after cloud account is created. Default value is false.","description_kind":"plain","computed":true},"name":{"type":"string","description":"The name of this resource instance.","description_kind":"plain","optional":true,"computed":true},"org_id":{"type":"string","description":"The id of the organization this entity belongs to.","description_kind":"plain","computed":true},"owner":{"type":"string","description":"Email of the user that owns the entity.","description_kind":"plain","computed":true},"updated_at":{"type":"string","description":"Date when the entity was last updated. The date is ISO 8601 and UTC.","description_kind":"plain","computed":true},"username":{"type":"string","description":"Username to authenticate with the cloud account.","description_kind":"plain","computed":true}},"block_types":{"tags":{"nesting_mode":"set","block":{"attributes":{"key":{"type":"string","description_kind":"plain","required":true},"value":{"type":"string","description_kind":"plain","required":true}},"description_kind":"plain"}}},"description_kind":"plain"}},"vra_cloud_account_nsxv":{"version":0,"block":{"attributes":{"associated_cloud_account_ids":{"type":["set","string"],"description_kind":"plain","computed":true},"created_at":{"type":"string","description":"Date when the entity was created. The date is in ISO 8601 and UTC.","description_kind":"plain","computed":true},"dc_id":{"type":"string","description":"Identifier of a data collector vm deployed in the on premise infrastructure","description_kind":"plain","computed":true},"description":{"type":"string","description":"A human-friendly description.","description_kind":"plain","computed":true},"hostname":{"type":"string","description":"Host name for the NSX-V endpoint.","description_kind":"plain","computed":true},"id":{"type":"string","description":"The id of this resource instance.","description_kind":"plain","optional":true,"computed":true},"links":{"type":["set",["object",{"href":"string","hrefs":["set","string"],"rel":"string"}]],"description_kind":"plain","computed":true},"name":{"type":"string","description":"The name of this resource instance.","description_kind":"plain","optional":true,"computed":true},"org_id":{"type":"string","description":"The id of the organization this entity belongs to.","description_kind":"plain","computed":true},"owner":{"type":"string","description":"Email of the user that owns the entity.","description_kind":"plain","computed":true},"updated_at":{"type":"string","description":"Date when the entity was last updated. The date is ISO 8601 and UTC.","description_kind":"plain","computed":true},"username":{"type":"string","description":"Username to authenticate with the cloud account.","description_kind":"plain","computed":true}},"block_types":{"tags":{"nesting_mode":"set","block":{"attributes":{"key":{"type":"string","description_kind":"plain","required":true},"value":{"type":"string","description_kind":"plain","required":true}},"description_kind":"plain"}}},"description_kind":"plain"}},"vra_cloud_account_vmc":{"version":0,"block":{"attributes":{"created_at":{"type":"string","description":"Date when the entity was created. The date is in ISO 8601 and UTC.","description_kind":"plain","computed":true},"dc_id":{"type":"string","description":"Identifier of a data collector vm deployed in the on premise infrastructure.","description_kind":"plain","computed":true},"description":{"type":"string","description":"A human-friendly description.","description_kind":"plain","computed":true},"id":{"type":"string","description":"The id of this resource instance.","description_kind":"plain","optional":true,"computed":true},"links":{"type":["set",["object",{"href":"string","hrefs":["set","string"],"rel":"string"}]],"description_kind":"plain","computed":true},"name":{"type":"string","description":"The name of this resource instance.","description_kind":"plain","optional":true,"computed":true},"nsx_hostname":{"type":"string","description":"IP address or FQDN of the NSX-T Server in the specified SDDC.","description_kind":"plain","computed":true},"org_id":{"type":"string","description":"The id of the organization this entity belongs to.","description_kind":"plain","computed":true},"owner":{"type":"string","description":"Email of the user that owns the entity.","description_kind":"plain","computed":true},"regions":{"type":["set","string"],"description":"The set of region ids that are enabled for this cloud account.","description_kind":"plain","computed":true},"sddc_name":{"type":"string","description":"Identifier of the on-premise SDDC.","description_kind":"plain","computed":true},"updated_at":{"type":"string","description":"Date when the entity was last updated. The date is ISO 8601 and UTC.","description_kind":"plain","computed":true},"vcenter_hostname":{"type":"string","description":"IP address or FQDN of the vCenter Server in the specified SDDC.","description_kind":"plain","computed":true},"vcenter_username":{"type":"string","description":"Username of the vCenter Server in the specified SDDC.","description_kind":"plain","computed":true}},"block_types":{"tags":{"nesting_mode":"set","block":{"attributes":{"key":{"type":"string","description_kind":"plain","required":true},"value":{"type":"string","description_kind":"plain","required":true}},"description_kind":"plain"}}},"description_kind":"plain"}},"vra_cloud_account_vsphere":{"version":0,"block":{"attributes":{"associated_cloud_account_ids":{"type":["set","string"],"description_kind":"plain","computed":true},"created_at":{"type":"string","description":"Date when the entity was created. The date is in ISO 8601 and UTC.","description_kind":"plain","computed":true},"dc_id":{"type":"string","description":"Identifier of a data collector vm deployed in the on premise infrastructure.","description_kind":"plain","computed":true},"description":{"type":"string","description":"A human-friendly description.","description_kind":"plain","computed":true},"hostname":{"type":"string","description":"IP address or FQDN of the vCenter Server.","description_kind":"plain","computed":true},"id":{"type":"string","description":"The id of this resource instance.","description_kind":"plain","optional":true,"computed":true},"links":{"type":["set",["object",{"href":"string","hrefs":["set","string"],"rel":"string"}]],"description_kind":"plain","computed":true},"name":{"type":"string","description":"The name of this resource instance.","description_kind":"plain","optional":true,"computed":true},"org_id":{"type":"string","description":"The id of the organization this entity belongs to.","description_kind":"plain","computed":true},"owner":{"type":"string","description":"Email of the user that owns the entity.","description_kind":"plain","computed":true},"regions":{"type":["set","string"],"description":"The set of region ids that are enabled for this cloud account.","description_kind":"plain","computed":true},"updated_at":{"type":"string","description":"Date when the entity was last updated. The date is ISO 8601 and UTC.","description_kind":"plain","computed":true},"username":{"type":"string","description":"Username of the vCenter Server.","description_kind":"plain","computed":true}},"block_types":{"tags":{"nesting_mode":"set","block":{"attributes":{"key":{"type":"string","description_kind":"plain","required":true},"value":{"type":"string","description_kind":"plain","required":true}},"description_kind":"plain"}}},"description_kind":"plain"}},"vra_content_sharing_policy":{"version":0,"block":{"attributes":{"catalog_item_ids":{"type":["set","string"],"description":"List of catalog item ids to share.","description_kind":"plain","computed":true},"catalog_source_ids":{"type":["set","string"],"description":"List of catalog source ids to share.","description_kind":"plain","computed":true},"created_at":{"type":"string","description":"Policy creation timestamp.","description_kind":"plain","computed":true},"created_by":{"type":"string","description":"Policy author.","description_kind":"plain","computed":true},"description":{"type":"string","description":"The policy description.","description_kind":"plain","computed":true},"id":{"type":"string","description":"The policy ID.","description_kind":"plain","optional":true,"computed":true},"last_updated_at":{"type":"string","description":"Most recent policy update timestamp.","description_kind":"plain","computed":true},"last_updated_by":{"type":"string","description":"Most recent policy editor.","description_kind":"plain","computed":true},"name":{"type":"string","description":"The policy name.","description_kind":"plain","optional":true,"computed":true},"org_id":{"type":"string","description":"The ID of the organization to which the policy belongs.","description_kind":"plain","computed":true},"project_id":{"type":"string","description":"The ID of the project to which the policy belongs.","description_kind":"plain","computed":true}},"description_kind":"plain"}},"vra_data_collector":{"version":0,"block":{"attributes":{"hostname":{"type":"string","description_kind":"plain","computed":true},"id":{"type":"string","description_kind":"plain","optional":true,"computed":true},"ip_address":{"type":"string","description_kind":"plain","computed":true},"name":{"type":"string","description_kind":"plain","required":true},"status":{"type":"string","description_kind":"plain","computed":true}},"description_kind":"plain"}},"vra_deployment":{"version":0,"block":{"attributes":{"blueprint_id":{"type":"string","description":"The id of the cloud template used to request the deployment.","description_kind":"plain","computed":true},"blueprint_version":{"type":"string","description":"The version of the cloud template used to request the deployment.","description_kind":"plain","computed":true},"catalog_item_id":{"type":"string","description":"The id of the catalog item used to request the deployment.","description_kind":"plain","computed":true},"catalog_item_version":{"type":"string","description":"The version of the catalog item used to request the deployment.","description_kind":"plain","computed":true},"created_at":{"type":"string","description":"Date when the entity was created. The date is in ISO 6801 and UTC.","description_kind":"plain","computed":true},"created_by":{"type":"string","description":"The user the entity was created by.","description_kind":"plain","computed":true},"description":{"type":"string","description":"A human-friendly description.","description_kind":"plain","computed":true},"expand_last_request":{"type":"bool","description":"Flag to indicate whether to expand last request on the deployment.","description_kind":"plain","optional":true},"expand_project":{"type":"bool","description":"Flag to indicate whether to expand project information.","description_kind":"plain","optional":true},"expand_resources":{"type":"bool","description":"Flag to indicate whether to expand resources in the deployment.","description_kind":"plain","optional":true},"expense":{"type":["set",["object",{"additional_expense":"number","code":"string","compute_expense":"number","last_update_time":"string","message":"string","network_expense":"number","storage_expense":"number","total_expense":"number","unit":"string"}]],"description_kind":"plain","computed":true},"id":{"type":"string","description":"The id of the deployment. One of `id` or `name` must be provided.","description_kind":"plain","optional":true,"computed":true},"inputs":{"type":["map","string"],"description":"Inputs provided by the user while requesting / updating the deployment.","description_kind":"plain","computed":true},"last_request":{"type":["list",["object",{"action_id":"string","approved_at":"string","blueprint_id":"string","cancelable":"bool","catalog_item_id":"string","completed_at":"string","completed_tasks":"number","created_at":"string","details":"string","dismissed":"bool","id":"string","initialized_at":"string","inputs":["map","string"],"name":"string","outputs":["map","string"],"requested_by":"string","resource_ids":["set","string"],"status":"string","total_tasks":"number","updated_at":"string"}]],"description_kind":"plain","computed":true},"last_updated_at":{"type":"string","description":"Date when the entity was last updated. The date is in ISO 6801 and UTC.","description_kind":"plain","computed":true},"last_updated_by":{"type":"string","description":"The user that last updated the deployment.","description_kind":"plain","computed":true},"lease_expire_at":{"type":"string","description":"Date when the deployment lease expire. The date is in ISO 6801 and UTC.","description_kind":"plain","computed":true},"name":{"type":"string","description":"The name of the deployment. One of `id` or `name` must be provided.","description_kind":"plain","optional":true,"computed":true},"org_id":{"type":"string","description":"The Id of the organization this deployment belongs to.","description_kind":"plain","computed":true},"owner":{"type":"string","description":"The user this deployment belongs to.","description_kind":"plain","computed":true},"project":{"type":["set",["object",{"description":"string","id":"string","name":"string","version":"string"}]],"description_kind":"plain","computed":true},"project_id":{"type":"string","description":"The id of the project this deployment belongs to.","description_kind":"plain","computed":true},"resources":{"type":["set",["object",{"created_at":"string","depends_on":["set","string"],"description":"string","expense":["set",["object",{"additional_expense":"number","code":"string","compute_expense":"number","last_update_time":"string","message":"string","network_expense":"number","storage_expense":"number","total_expense":"number","unit":"string"}]],"id":"string","name":"string","properties_json":"string","state":"string","sync_status":"string","type":"string"}]],"description_kind":"plain","computed":true},"status":{"type":"string","description":"The status of the deployment with respect to its life cycle operations.","description_kind":"plain","computed":true}},"description_kind":"plain"}},"vra_fabric_compute":{"version":0,"block":{"attributes":{"created_at":{"type":"string","description":"Date when the entity was created. The date is in ISO 8601 and UTC.","description_kind":"plain","computed":true},"custom_properties":{"type":["map","string"],"description":"A list of key value pair of custom properties for the fabric compute resource.","description_kind":"plain","computed":true},"description":{"type":"string","description":"A human-friendly description.","description_kind":"plain","computed":true},"external_id":{"type":"string","description":"The id of the external entity on the provider side.","description_kind":"plain","computed":true},"external_region_id":{"type":"string","description":"The external region id of the fabric compute.","description_kind":"plain","computed":true},"external_zone_id":{"type":"string","description":"The external zone id of the fabric compute.","description_kind":"plain","computed":true},"filter":{"type":"string","description":"Search criteria to narrow down the fabric compute resource instance.","description_kind":"plain","optional":true},"id":{"type":"string","description":"The id of the fabric compute resource instance.","description_kind":"plain","optional":true,"computed":true},"lifecycle_state":{"type":"string","description":"Lifecycle status of the compute instance.","description_kind":"plain","computed":true},"links":{"type":["set",["object",{"href":"string","hrefs":["set","string"],"rel":"string"}]],"description_kind":"plain","computed":true},"name":{"type":"string","description":"A human-friendly name used as an identifier for the fabric compute resource instance.","description_kind":"plain","computed":true},"org_id":{"type":"string","description":"The id of the organization this entity belongs to.","description_kind":"plain","computed":true},"owner":{"type":"string","description":"Email of the user that owns the entity.","description_kind":"plain","computed":true},"power_state":{"type":"string","description":"Power state of fabric compute instance.","description_kind":"plain","computed":true},"type":{"type":"string","description":"Type of the fabric compute instance.","description_kind":"plain","computed":true},"updated_at":{"type":"string","description":"Date when the entity was last updated. The date is ISO 8601 and UTC.","description_kind":"plain","computed":true}},"block_types":{"tags":{"nesting_mode":"set","block":{"attributes":{"key":{"type":"string","description_kind":"plain","required":true},"value":{"type":"string","description_kind":"plain","required":true}},"description_kind":"plain"}}},"description_kind":"plain"}},"vra_fabric_datastore_vsphere":{"version":0,"block":{"attributes":{"cloud_account_ids":{"type":["set","string"],"description":"Set of ids of the cloud accounts this entity belongs to.","description_kind":"plain","computed":true},"created_at":{"type":"string","description":"Date when the entity was created. The date is in ISO 8601 and UTC.","description_kind":"plain","computed":true},"description":{"type":"string","description":"A human-friendly description.","description_kind":"plain","computed":true},"external_id":{"type":"string","description":"External entity Id on the provider side.","description_kind":"plain","computed":true},"external_region_id":{"type":"string","description":"Id of datacenter in which the datastore is present.","description_kind":"plain","computed":true},"filter":{"type":"string","description":"Search criteria to narrow down the vSphere fabric datastore resource instance.","description_kind":"plain","optional":true},"free_size_gb":{"type":"string","description":"Indicates free size available in datastore.","description_kind":"plain","computed":true},"id":{"type":"string","description":"The id of the vSphere fabric datastore resource instance.","description_kind":"plain","optional":true,"computed":true},"links":{"type":["set",["object",{"href":"string","hrefs":["set","string"],"rel":"string"}]],"description_kind":"plain","computed":true},"name":{"type":"string","description":"A human-friendly name used as an identifier for the vSphere fabric datastore resource instance.","description_kind":"plain","computed":true},"org_id":{"type":"string","description":"The id of the organization this entity belongs to.","description_kind":"plain","computed":true},"owner":{"type":"string","description":"Email of the user that owns the entity.","description_kind":"plain","computed":true},"type":{"type":"string","description":"Type of datastore.","description_kind":"plain","computed":true},"updated_at":{"type":"string","description":"Date when the entity was last updated. The date is ISO 8601 and UTC.","description_kind":"plain","computed":true}},"block_types":{"tags":{"nesting_mode":"set","block":{"attributes":{"key":{"type":"string","description_kind":"plain","required":true},"value":{"type":"string","description_kind":"plain","required":true}},"description_kind":"plain"}}},"description_kind":"plain"}},"vra_fabric_network":{"version":0,"block":{"attributes":{"cidr":{"type":"string","description_kind":"plain","computed":true},"cloud_account_ids":{"type":["set","string"],"description_kind":"plain","computed":true},"created_at":{"type":"string","description_kind":"plain","computed":true},"custom_properties":{"type":["map","string"],"description_kind":"plain","computed":true},"description":{"type":"string","description_kind":"plain","computed":true},"external_id":{"type":"string","description_kind":"plain","computed":true},"external_region_id":{"type":"string","description_kind":"plain","computed":true},"filter":{"type":"string","description_kind":"plain","required":true},"id":{"type":"string","description_kind":"plain","optional":true,"computed":true},"is_default":{"type":"bool","description_kind":"plain","computed":true},"is_public":{"type":"bool","description_kind":"plain","computed":true},"links":{"type":["set",["object",{"href":"string","hrefs":["set","string"],"rel":"string"}]],"description_kind":"plain","computed":true},"name":{"type":"string","description_kind":"plain","computed":true},"organization_id":{"type":"string","description_kind":"plain","computed":true},"owner":{"type":"string","description_kind":"plain","computed":true},"updated_at":{"type":"string","description_kind":"plain","computed":true}},"block_types":{"tags":{"nesting_mode":"set","block":{"attributes":{"key":{"type":"string","description_kind":"plain","required":true},"value":{"type":"string","description_kind":"plain","required":true}},"description_kind":"plain"}}},"description_kind":"plain"}},"vra_fabric_storage_account_azure":{"version":0,"block":{"attributes":{"cloud_account_ids":{"type":["set","string"],"description":"Set of ids of the cloud accounts this entity belongs to.","description_kind":"plain","computed":true},"created_at":{"type":"string","description":"Date when the entity was created. The date is in ISO 8601 and UTC.","description_kind":"plain","computed":true},"description":{"type":"string","description":"A human-friendly description of the fabric Azure storage account.","description_kind":"plain","computed":true},"external_id":{"type":"string","description":"External entity Id on the provider side.","description_kind":"plain","computed":true},"external_region_id":{"type":"string","description":"Indicates the ID of region.","description_kind":"plain","computed":true},"filter":{"type":"string","description":"Search criteria to narrow down the fabric Azure storage accounts.","description_kind":"plain","optional":true},"id":{"type":"string","description":"The id of this fabric Azure storage account.","description_kind":"plain","optional":true,"computed":true},"links":{"type":["set",["object",{"href":"string","hrefs":["set","string"],"rel":"string"}]],"description_kind":"plain","computed":true},"name":{"type":"string","description":"A human-friendly name of the fabric Azure storage account.","description_kind":"plain","computed":true},"org_id":{"type":"string","description":"The id of the organization this entity belongs to.","description_kind":"plain","computed":true},"owner":{"type":"string","description":"Email of the user that owns the entity.","description_kind":"plain","computed":true},"type":{"type":"string","description":"Indicates the performance tier for the storage type. Premium disks are SSD backed and Standard disks are HDD backed. example: Standard_LRS / Premium_LRS","description_kind":"plain","computed":true},"updated_at":{"type":"string","description":"Date when the entity was last updated. The date is ISO 8601 and UTC.","description_kind":"plain","computed":true}},"description_kind":"plain"}},"vra_fabric_storage_policy_vsphere":{"version":0,"block":{"attributes":{"cloud_account_ids":{"type":["set","string"],"description_kind":"plain","computed":true},"created_at":{"type":"string","description_kind":"plain","computed":true},"external_id":{"type":"string","description_kind":"plain","computed":true},"external_region_id":{"type":"string","description_kind":"plain","computed":true},"filter":{"type":"string","description_kind":"plain","optional":true},"id":{"type":"string","description_kind":"plain","optional":true,"computed":true},"links":{"type":["set",["object",{"href":"string","hrefs":["set","string"],"rel":"string"}]],"description_kind":"plain","computed":true},"name":{"type":"string","description_kind":"plain","computed":true},"org_id":{"type":"string","description_kind":"plain","computed":true},"updated_at":{"type":"string","description_kind":"plain","computed":true}},"description_kind":"plain"}},"vra_image":{"version":0,"block":{"attributes":{"created_at":{"type":"string","description":"Date when the entity was created. The date is in ISO 8601 and UTC.","description_kind":"plain","computed":true},"custom_properties":{"type":["map","string"],"description":"A list of key value pair of custom properties for the image resource.","description_kind":"plain","computed":true},"description":{"type":"string","description":"A human-friendly description.","description_kind":"plain","computed":true},"external_id":{"type":"string","description":"External entity Id on the provider side.","description_kind":"plain","computed":true},"filter":{"type":"string","description":"Search criteria to narrow down the image resource instance.","description_kind":"plain","optional":true},"id":{"type":"string","description":"The id of the image resource instance.","description_kind":"plain","optional":true,"computed":true},"links":{"type":["set",["object",{"href":"string","hrefs":["set","string"],"rel":"string"}]],"description_kind":"plain","computed":true},"name":{"type":"string","description":"A human-friendly name used as an identifier for the image resource instance.","description_kind":"plain","computed":true},"org_id":{"type":"string","description":"The id of the organization this entity belongs to.","description_kind":"plain","computed":true},"os_family":{"type":"string","description":"Operating System family of the image.","description_kind":"plain","computed":true},"owner":{"type":"string","description":"Email of the user that owns the entity.","description_kind":"plain","computed":true},"private":{"type":"bool","description":"Indicates whether this image is private. For vSphere, private images are considered to be templates and snapshots and public are Content Library Items.","description_kind":"plain","computed":true},"region":{"type":"string","description":"The region of the image.","description_kind":"plain","computed":true},"updated_at":{"type":"string","description":"Date when the entity was last updated. The date is ISO 8601 and UTC.","description_kind":"plain","computed":true}},"description_kind":"plain"}},"vra_image_profile":{"version":0,"block":{"attributes":{"created_at":{"type":"string","description":"Date when the entity was created. The date is in ISO 8601 and UTC.","description_kind":"plain","computed":true},"description":{"type":"string","description":"A human-friendly description.","description_kind":"plain","optional":true},"external_region_id":{"type":"string","description":"The id of the region for which this profile is defined as in the cloud provider.","description_kind":"plain","computed":true},"filter":{"type":"string","description":"Filter query string that is supported by vRA multi-cloud IaaS API. Example: regionId eq '\u003cregionId\u003e' and cloudAccountId eq '\u003ccloudAccountId\u003e'. Only one of 'filter', 'id', 'name' or 'region_id' must be specified.","description_kind":"plain","optional":true},"id":{"type":"string","description":"The id of the image profile instance.  Only one of 'filter', 'id', 'name' or 'region_id' must be specified.","description_kind":"plain","optional":true,"computed":true},"name":{"type":"string","description":"A human-friendly name used as an identifier in APIs that support this option.  Only one of 'filter', 'id', 'name' or 'region_id' must be specified.","description_kind":"plain","optional":true,"computed":true},"owner":{"type":"string","description":"Email of the user that owns the entity.","description_kind":"plain","computed":true},"region_id":{"type":"string","description":"The id of the region for which this profile is defined as in vRealize Automation(vRA).  Only one of 'filter', 'id', 'name' or 'region_id' must be specified.","description_kind":"plain","optional":true,"computed":true},"updated_at":{"type":"string","description":"Date when the entity was last updated. The date is ISO 8601 and UTC.","description_kind":"plain","computed":true}},"block_types":{"image_mapping":{"nesting_mode":"set","block":{"attributes":{"cloud_config":{"type":"string","description":"Cloud config for this image. This cloud config will be merged during provisioning with other cloud configurations such as the bootConfig provided in MachineSpecification or vRA cloud templates.","description_kind":"plain","optional":true},"description":{"type":"string","description":"A human-friendly description.","description_kind":"plain","computed":true},"external_id":{"type":"string","description":"External entity id on the cloud provider side.","description_kind":"plain","computed":true},"external_region_id":{"type":"string","description":"External region id on the cloud provider side.","description_kind":"plain","computed":true},"image_id":{"type":"string","description":"The id of this resource instance.","description_kind":"plain","optional":true},"image_name":{"type":"string","description":"A human-friendly image name as seen on the cloud provider side.","description_kind":"plain","optional":true},"name":{"type":"string","description":"A human-friendly name of the image mapping.","description_kind":"plain","required":true},"organization":{"type":"string","description":"A human-friendly description.","description_kind":"plain","computed":true},"os_family":{"type":"string","description":"Operating system family of the image.","description_kind":"plain","computed":true},"owner":{"type":"string","description":"Email of the user that owns the entity.","description_kind":"plain","computed":true},"private":{"type":"bool","description":"Indicates whether this fabric image is private. For vSphere, private images are considered to be templates and snapshots and public are Content Library items.","description_kind":"plain","computed":true}},"block_types":{"constraints":{"nesting_mode":"set","block":{"attributes":{"expression":{"type":"string","description":"An expression of the form \"[!]tag-key[:[tag-value]]\", used to indicate a constraint match on keys and values of tags.","description_kind":"plain","required":true},"mandatory":{"type":"bool","description":"Indicates whether this constraint should be strictly enforced or not.","description_kind":"plain","required":true}},"description":"Constraints that are used to drive placement policies for entities such as image, network, storage, etc. Constraint expressions are matched against tags on existing placement targets.","description_kind":"plain"}}},"description_kind":"plain"}}},"description_kind":"plain"}},"vra_machine":{"version":0,"block":{"attributes":{"address":{"type":"string","description_kind":"plain","computed":true},"cloud_account_ids":{"type":["set","string"],"description_kind":"plain","computed":true},"created_at":{"type":"string","description_kind":"plain","computed":true},"custom_properties":{"type":["map","string"],"description_kind":"plain","computed":true},"deployment_id":{"type":"string","description_kind":"plain","computed":true},"description":{"type":"string","description_kind":"plain","optional":true},"external_id":{"type":"string","description_kind":"plain","computed":true},"external_region_id":{"type":"string","description_kind":"plain","computed":true},"external_zone_id":{"type":"string","description_kind":"plain","computed":true},"filter":{"type":"string","description_kind":"plain","optional":true},"id":{"type":"string","description_kind":"plain","optional":true,"computed":true},"links":{"type":["set",["object",{"href":"string","hrefs":["set","string"],"rel":"string"}]],"description_kind":"plain","computed":true},"name":{"type":"string","description_kind":"plain","computed":true},"org_id":{"type":"string","description_kind":"plain","computed":true},"owner":{"type":"string","description_kind":"plain","computed":true},"power_state":{"type":"string","description_kind":"plain","computed":true},"project_id":{"type":"string","description_kind":"plain","computed":true},"updated_at":{"type":"string","description_kind":"plain","computed":true}},"block_types":{"tags":{"nesting_mode":"set","block":{"attributes":{"key":{"type":"string","description_kind":"plain","required":true},"value":{"type":"string","description_kind":"plain","required":true}},"description_kind":"plain"}}},"description_kind":"plain"}},"vra_network":{"version":0,"block":{"attributes":{"cidr":{"type":"string","description_kind":"plain","computed":true},"custom_properties":{"type":["map","string"],"description_kind":"plain","computed":true},"deployment_id":{"type":"string","description_kind":"plain","computed":true},"description":{"type":"string","description_kind":"plain","computed":true},"external_id":{"type":"string","description_kind":"plain","computed":true},"external_zone_id":{"type":"string","description_kind":"plain","computed":true},"id":{"type":"string","description_kind":"plain","optional":true,"computed":true},"links":{"type":["set",["object",{"href":"string","hrefs":["set","string"],"rel":"string"}]],"description_kind":"plain","computed":true},"name":{"type":"string","description_kind":"plain","optional":true,"computed":true},"organization_id":{"type":"string","description_kind":"plain","computed":true},"outbound_access":{"type":"bool","description_kind":"plain","computed":true},"owner":{"type":"string","description_kind":"plain","computed":true},"project_id":{"type":"string","description_kind":"plain","computed":true},"self_link":{"type":"string","description_kind":"plain","computed":true},"updated_at":{"type":"string","description_kind":"plain","computed":true}},"block_types":{"constraints":{"nesting_mode":"set","block":{"attributes":{"expression":{"type":"string","description":"An expression of the form \"[!]tag-key[:[tag-value]]\", used to indicate a constraint match on keys and values of tags.","description_kind":"plain","required":true},"mandatory":{"type":"bool","description":"Indicates whether this constraint should be strictly enforced or not.","description_kind":"plain","required":true}},"description":"Constraints that are used to drive placement policies for entities such as image, network, storage, etc. Constraint expressions are matched against tags on existing placement targets.","description_kind":"plain"}},"tags":{"nesting_mode":"set","block":{"attributes":{"key":{"type":"string","description_kind":"plain","required":true},"value":{"type":"string","description_kind":"plain","required":true}},"description_kind":"plain"}}},"description_kind":"plain"}},"vra_network_domain":{"version":0,"block":{"attributes":{"cidr":{"type":"string","description_kind":"plain","computed":true},"cloud_account_ids":{"type":["set","string"],"description_kind":"plain","computed":true},"created_at":{"type":"string","description_kind":"plain","computed":true},"custom_properties":{"type":["map","string"],"description_kind":"plain","computed":true},"description":{"type":"string","description_kind":"plain","computed":true},"external_id":{"type":"string","description_kind":"plain","computed":true},"external_region_id":{"type":"string","description_kind":"plain","computed":true},"filter":{"type":"string","description_kind":"plain","required":true},"id":{"type":"string","description_kind":"plain","optional":true,"computed":true},"links":{"type":["set",["object",{"href":"string","hrefs":["set","string"],"rel":"string"}]],"description_kind":"plain","computed":true},"name":{"type":"string","description_kind":"plain","computed":true},"organization_id":{"type":"string","description_kind":"plain","computed":true},"owner":{"type":"string","description_kind":"plain","computed":true},"updated_at":{"type":"string","description_kind":"plain","computed":true}},"block_types":{"tags":{"nesting_mode":"set","block":{"attributes":{"key":{"type":"string","description_kind":"plain","required":true},"value":{"type":"string","description_kind":"plain","required":true}},"description_kind":"plain"}}},"description_kind":"plain"}},"vra_network_profile":{"version":0,"block":{"attributes":{"custom_properties":{"type":["map","string"],"description_kind":"plain","computed":true},"description":{"type":"string","description_kind":"plain","computed":true},"external_region_id":{"type":"string","description_kind":"plain","computed":true},"fabric_network_ids":{"type":["set","string"],"description_kind":"plain","computed":true},"filter":{"type":"string","description_kind":"plain","optional":true},"id":{"type":"string","description_kind":"plain","optional":true,"computed":true},"isolated_external_fabric_network_id":{"type":"string","description_kind":"plain","optional":true},"isolated_network_cidr_prefix":{"type":"number","description_kind":"plain","computed":true},"isolated_network_domain_cidr":{"type":"string","description_kind":"plain","computed":true},"isolated_network_domain_id":{"type":"string","description_kind":"plain","optional":true},"isolation_type":{"type":"string","description_kind":"plain","computed":true},"links":{"type":["set",["object",{"href":"string","hrefs":["set","string"],"rel":"string"}]],"description_kind":"plain","computed":true},"name":{"type":"string","description_kind":"plain","computed":true},"organization_id":{"type":"string","description_kind":"plain","computed":true},"owner":{"type":"string","description_kind":"plain","computed":true},"region_id":{"type":"string","description_kind":"plain","computed":true},"security_group_ids":{"type":["set","string"],"description_kind":"plain","computed":true},"updated_at":{"type":"string","description_kind":"plain","computed":true}},"block_types":{"tags":{"nesting_mode":"set","block":{"attributes":{"key":{"type":"string","description_kind":"plain","required":true},"value":{"type":"string","description_kind":"plain","required":true}},"description_kind":"plain"}}},"description_kind":"plain"}},"vra_project":{"version":0,"block":{"attributes":{"administrators":{"type":["set","string"],"description":"List of administrator users associated with the project. Only administrators can manage project's configuration.","description_kind":"plain","deprecated":true,"optional":true,"computed":true},"custom_properties":{"type":["map","string"],"description":"The project custom properties which are added to all requests in this project","description_kind":"plain","optional":true},"description":{"type":"string","description":"A human-friendly description.","description_kind":"plain","optional":true,"computed":true},"id":{"type":"string","description":"The id of this project resource.","description_kind":"plain","optional":true,"computed":true},"machine_naming_template":{"type":"string","description":"The naming template to be used for resources provisioned in this project.","description_kind":"plain","optional":true},"members":{"type":["set","string"],"description":"List of member users associated with the project.","description_kind":"plain","deprecated":true,"optional":true,"computed":true},"name":{"type":"string","description":"A human-friendly name used as an identifier in APIs that support this option.","description_kind":"plain","optional":true,"computed":true},"operation_timeout":{"type":"number","description":"The timeout that should be used for Blueprint operations and Provisioning tasks. The timeout is in seconds.","description_kind":"plain","optional":true},"placement_policy":{"type":"string","description":"The placement policy that will be applied when selecting a cloud zone for provisioning.","description_kind":"plain","optional":true},"shared_resources":{"type":"bool","description":"Specifies whether the resources in this projects are shared or not. If not set default will be used.","description_kind":"plain","optional":true,"computed":true},"viewers":{"type":["set","string"],"description":"List of viewer users associated with the project.","description_kind":"plain","deprecated":true,"optional":true,"computed":true}},"block_types":{"administrator_roles":{"nesting_mode":"set","block":{"attributes":{"email":{"type":"string","description":"The email of the user or name of the group.","description_kind":"plain","required":true},"type":{"type":"string","description":"Type of the principal. Currently supported ‘user’ (default) and 'group’.","description_kind":"plain","optional":true}},"description":"List of administrator roles associated with the project. Only administrators can manage project's configuration.","description_kind":"plain"}},"constraints":{"nesting_mode":"set","block":{"block_types":{"extensibility":{"nesting_mode":"set","block":{"attributes":{"expression":{"type":"string","description":"An expression of the form \"[!]tag-key[:[tag-value]]\", used to indicate a constraint match on keys and values of tags.","description_kind":"plain","required":true},"mandatory":{"type":"bool","description":"Indicates whether this constraint should be strictly enforced or not.","description_kind":"plain","required":true}},"description":"Constraints that are used to drive placement policies for entities such as image, network, storage, etc. Constraint expressions are matched against tags on existing placement targets.","description_kind":"plain"}},"network":{"nesting_mode":"set","block":{"attributes":{"expression":{"type":"string","description":"An expression of the form \"[!]tag-key[:[tag-value]]\", used to indicate a constraint match on keys and values of tags.","description_kind":"plain","required":true},"mandatory":{"type":"bool","description":"Indicates whether this constraint should be strictly enforced or not.","description_kind":"plain","required":true}},"description":"Constraints that are used to drive placement policies for entities such as image, network, storage, etc. Constraint expressions are matched against tags on existing placement targets.","description_kind":"plain"}},"storage":{"nesting_mode":"set","block":{"attributes":{"expression":{"type":"string","description":"An expression of the form \"[!]tag-key[:[tag-value]]\", used to indicate a constraint match on keys and values of tags.","description_kind":"plain","required":true},"mandatory":{"type":"bool","description":"Indicates whether this constraint should be strictly enforced or not.","description_kind":"plain","required":true}},"description":"Constraints that are used to drive placement policies for entities such as image, network, storage, etc. Constraint expressions are matched against tags on existing placement targets.","description_kind":"plain"}}},"description":"List of storage, network and extensibility constraints to be applied when provisioning through this project.","description_kind":"plain"},"max_items":1},"member_roles":{"nesting_mode":"set","block":{"attributes":{"email":{"type":"string","description":"The email of the user or name of the group.","description_kind":"plain","required":true},"type":{"type":"string","description":"Type of the principal. Currently supported ‘user’ (default) and 'group’.","description_kind":"plain","optional":true}},"description":"List of member roles associated with the project.","description_kind":"plain"}},"supervisor_roles":{"nesting_mode":"set","block":{"attributes":{"email":{"type":"string","description":"The email of the user or name of the group.","description_kind":"plain","required":true},"type":{"type":"string","description":"Type of the principal. Currently supported ‘user’ (default) and 'group’.","description_kind":"plain","optional":true}},"description":"List of supervisor roles associated with the project.","description_kind":"plain"}},"viewer_roles":{"nesting_mode":"set","block":{"attributes":{"email":{"type":"string","description":"The email of the user or name of the group.","description_kind":"plain","required":true},"type":{"type":"string","description":"Type of the principal. Currently supported ‘user’ (default) and 'group’.","description_kind":"plain","optional":true}},"description":"List of viewer roles associated with the project.","description_kind":"plain"}},"zone_assignments":{"nesting_mode":"set","block":{"attributes":{"cpu_limit":{"type":"number","description":"The maximum amount of cpus that can be used by this cloud zone. Default is 0 (unlimited cpu).","description_kind":"plain","optional":true,"computed":true},"max_instances":{"type":"number","description":"The maximum number of instances that can be provisioned in this cloud zone. Default is 0 (unlimited instances)","description_kind":"plain","optional":true,"computed":true},"memory_limit_mb":{"type":"number","description":"The maximum amount of memory that can be used by this cloud zone. Default is 0 (unlimited memory).","description_kind":"plain","optional":true,"computed":true},"priority":{"type":"number","description":"The priority of this zone in the current project. Lower numbers mean higher priority. Default is 0 (highest)","description_kind":"plain","optional":true,"computed":true},"storage_limit_gb":{"type":"number","description":"Upper limit on storage that can be requested from a cloud zone which is part of this project. Default is 0 (unlimited storage). Supported only for vSphere cloud zones.","description_kind":"plain","optional":true,"computed":true},"zone_id":{"type":"string","description":"The Cloud Zone Id","description_kind":"plain","computed":true}},"description":"List of configurations for zone assignment to a project.","description_kind":"plain"}}},"description_kind":"plain"}},"vra_region":{"version":0,"block":{"attributes":{"cloud_account_id":{"type":"string","description":"The id of the cloud account the region belongs to.","description_kind":"plain","optional":true,"computed":true},"created_at":{"type":"string","description":"Date when the entity was created. The date is in ISO 8601 and UTC.","description_kind":"plain","computed":true},"external_region_id":{"type":"string","description":"Unique identifier of region on the provider side.","description_kind":"plain","computed":true},"filter":{"type":"string","description":"Search criteria to narrow down Regions.","description_kind":"plain","optional":true},"id":{"type":"string","description":"The id of the region instance.","description_kind":"plain","optional":true,"computed":true},"name":{"type":"string","description":"Name of region on the provider side. In vSphere, the name of the region is different from its id.","description_kind":"plain","computed":true},"org_id":{"type":"string","description":"The id of the organization this entity belongs to.","description_kind":"plain","computed":true},"owner":{"type":"string","description":"Email of the user that owns the entity.","description_kind":"plain","computed":true},"region":{"type":"string","description":"The specific region associated with the cloud account. On vSphere, this is the external ID.","description_kind":"plain","optional":true},"updated_at":{"type":"string","description":"Date when the entity was last updated. The date is ISO 8601 and UTC.","description_kind":"plain","computed":true}},"description_kind":"plain"}},"vra_region_enumeration":{"version":0,"block":{"attributes":{"accept_self_signed_cert":{"type":"bool","description":"Whether to accept self signed certificate when connecting to the vCenter Server.","description_kind":"plain","optional":true},"dc_id":{"type":"string","description":"Identifier of a data collector vm deployed in the on premise infrastructure.","description_kind":"plain","optional":true},"hostname":{"type":"string","description":"IP address or FQDN of the vCenter Server.","description_kind":"plain","required":true},"id":{"type":"string","description_kind":"plain","optional":true,"computed":true},"password":{"type":"string","description":"Password of the vCenter Server.","description_kind":"plain","required":true,"sensitive":true},"regions":{"type":["set","string"],"description":"A set of region ids that can be enabled for this cloud account.","description_kind":"plain","computed":true},"username":{"type":"string","description":"Username of the vCenter Server.","description_kind":"plain","required":true}},"description_kind":"plain","deprecated":true}},"vra_region_enumeration_aws":{"version":0,"block":{"attributes":{"access_key":{"type":"string","description":"Aws Access key ID.","description_kind":"plain","required":true},"id":{"type":"string","description_kind":"plain","optional":true,"computed":true},"regions":{"type":["set","string"],"description":"A set of region ids that can be enabled for this cloud account.","description_kind":"plain","computed":true},"secret_key":{"type":"string","description":"Aws Secret Access Key.","description_kind":"plain","required":true,"sensitive":true}},"description_kind":"plain"}},"vra_region_enumeration_azure":{"version":0,"block":{"attributes":{"application_id":{"type":"string","description":"Azure Client Application ID.","description_kind":"plain","required":true},"application_key":{"type":"string","description":"Azure Client Application Secret Key.","description_kind":"plain","required":true,"sensitive":true},"id":{"type":"string","description_kind":"plain","optional":true,"computed":true},"regions":{"type":["set","string"],"description":"A set of region ids that can be enabled for this cloud account.","description_kind":"plain","computed":true},"subscription_id":{"type":"string","description":"Azure Subscription ID.","description_kind":"plain","required":true},"tenant_id":{"type":"string","description":"Azure Tenant ID.","description_kind":"plain","required":true}},"description_kind":"plain"}},"vra_region_enumeration_gcp":{"version":0,"block":{"attributes":{"client_email":{"type":"string","description":"GCP Client email.","description_kind":"plain","required":true},"id":{"type":"string","description_kind":"plain","optional":true,"computed":true},"private_key":{"type":"string","description":"GCP Private key.","description_kind":"plain","required":true,"sensitive":true},"private_key_id":{"type":"string","description":"GCP Private key ID.","description_kind":"plain","required":true},"project_id":{"type":"string","description":"GCP Project ID.","description_kind":"plain","required":true},"regions":{"type":["set","string"],"description":"A set of region ids that can be enabled for this cloud account.","description_kind":"plain","computed":true}},"description_kind":"plain"}},"vra_region_enumeration_vmc":{"version":0,"block":{"attributes":{"accept_self_signed_cert":{"type":"bool","description":"Whether to accept self signed certificate when connecting to the vCenter Server.","description_kind":"plain","optional":true},"api_token":{"type":"string","description":"VMC API access key.","description_kind":"plain","required":true},"dc_id":{"type":"string","description":"Identifier of a data collector vm deployed in the on premise infrastructure.","description_kind":"plain","optional":true},"id":{"type":"string","description_kind":"plain","optional":true,"computed":true},"nsx_hostname":{"type":"string","description":"The IP address of the NSX Manager server in the specified SDDC / FQDN.","description_kind":"plain","required":true},"regions":{"type":["set","string"],"description":"A set of region ids that can be enabled for this cloud account.","description_kind":"plain","computed":true},"sddc_name":{"type":"string","description":"Identifier of the on-premise SDDC.","description_kind":"plain","required":true},"vcenter_hostname":{"type":"string","description":"IP address or FQDN of the vCenter Server in the specified SDDC.","description_kind":"plain","required":true},"vcenter_password":{"type":"string","description":"Password of the vCenter Server in the specified SDDC.","description_kind":"plain","required":true,"sensitive":true},"vcenter_username":{"type":"string","description":"Username of the vCenter Server in the specified SDDC.","description_kind":"plain","required":true}},"description_kind":"plain"}},"vra_region_enumeration_vsphere":{"version":0,"block":{"attributes":{"accept_self_signed_cert":{"type":"bool","description":"Whether to accept self signed certificate when connecting to the vCenter Server.","description_kind":"plain","optional":true},"dc_id":{"type":"string","description":"Identifier of a data collector vm deployed in the on premise infrastructure.","description_kind":"plain","optional":true},"hostname":{"type":"string","description":"IP address or FQDN of the vCenter Server.","description_kind":"plain","required":true},"id":{"type":"string","description_kind":"plain","optional":true,"computed":true},"password":{"type":"string","description":"Password of the vCenter Server.","description_kind":"plain","required":true,"sensitive":true},"regions":{"type":["set","string"],"description":"A set of region ids that can be enabled for this cloud account.","description_kind":"plain","computed":true},"username":{"type":"string","description":"Username of the vCenter Server.","description_kind":"plain","required":true}},"description_kind":"plain"}},"vra_security_group":{"version":0,"block":{"attributes":{"created_at":{"type":"string","description_kind":"plain","computed":true},"description":{"type":"string","description_kind":"plain","computed":true},"external_id":{"type":"string","description_kind":"plain","computed":true},"external_region_id":{"type":"string","description_kind":"plain","computed":true},"filter":{"type":"string","description_kind":"plain","required":true},"id":{"type":"string","description_kind":"plain","computed":true},"links":{"type":["set",["object",{"href":"string","hrefs":["set","string"],"rel":"string"}]],"description_kind":"plain","computed":true},"name":{"type":"string","description_kind":"plain","computed":true},"organization_id":{"type":"string","description_kind":"plain","computed":true},"owner":{"type":"string","description_kind":"plain","computed":true},"updated_at":{"type":"string","description_kind":"plain","computed":true}},"block_types":{"rules":{"nesting_mode":"set","block":{"attributes":{"access":{"type":"string","description_kind":"plain","required":true},"direction":{"type":"string","description_kind":"plain","required":true},"ip_range_cidr":{"type":"number","description_kind":"plain","required":true},"name":{"type":"string","description_kind":"plain","optional":true},"ports":{"type":"string","description_kind":"plain","required":true},"protocol":{"type":"string","description_kind":"plain","required":true},"service":{"type":"string","description_kind":"plain","optional":true}},"description_kind":"plain"}}},"description_kind":"plain"}},"vra_storage_profile":{"version":0,"block":{"attributes":{"cloud_account_id":{"type":"string","description":"Id of the cloud account this storage profile belongs to.","description_kind":"plain","computed":true},"created_at":{"type":"string","description":"Date when the entity was created. The date is in ISO 8601 and UTC.","description_kind":"plain","computed":true},"default_item":{"type":"bool","description":"Indicates if this storage profile is a default profile.","description_kind":"plain","computed":true},"description":{"type":"string","description":"A human-friendly description.","description_kind":"plain","optional":true},"disk_properties":{"type":["map","string"],"description":"Map of storage properties that are to be applied on disk while provisioning.","description_kind":"plain","optional":true,"computed":true},"external_region_id":{"type":"string","description":"The id of the region as seen in the cloud provider for which this profile is defined.","description_kind":"plain","computed":true},"filter":{"type":"string","description":"Search criteria to filter the list of storage profiles.","description_kind":"plain","optional":true},"id":{"type":"string","description":"The id of the storage profile.","description_kind":"plain","optional":true,"computed":true},"links":{"type":["set",["object",{"href":"string","hrefs":["set","string"],"rel":"string"}]],"description_kind":"plain","computed":true},"name":{"type":"string","description":"A human-friendly name for storage profile.","description_kind":"plain","computed":true},"org_id":{"type":"string","description":"The id of the organization this entity belongs to.","description_kind":"plain","computed":true},"owner":{"type":"string","description":"Email of the user that owns the entity.","description_kind":"plain","computed":true},"supports_encryption":{"type":"bool","description":"Indicates whether this storage profile supports encryption or not.","description_kind":"plain","computed":true},"updated_at":{"type":"string","description":"Date when the entity was last updated. The date is ISO 8601 and UTC.","description_kind":"plain","computed":true}},"block_types":{"tags":{"nesting_mode":"set","block":{"attributes":{"key":{"type":"string","description_kind":"plain","required":true},"value":{"type":"string","description_kind":"plain","required":true}},"description_kind":"plain"}}},"description_kind":"plain"}},"vra_storage_profile_aws":{"version":0,"block":{"attributes":{"cloud_account_id":{"type":"string","description":"Id of the cloud account this storage profile belongs to.","description_kind":"plain","computed":true},"created_at":{"type":"string","description":"Date when the entity was created. The date is in ISO 8601 and UTC.","description_kind":"plain","computed":true},"default_item":{"type":"bool","description":"Indicates whether this storage profile is default or not…","description_kind":"plain","computed":true},"description":{"type":"string","description":"A human-friendly description.","description_kind":"plain","computed":true},"device_type":{"type":"string","description":"Indicates the type of storage device.","description_kind":"plain","computed":true},"external_region_id":{"type":"string","description":"The id of the region for which this profile is defined","description_kind":"plain","computed":true},"filter":{"type":"string","description_kind":"plain","optional":true},"id":{"type":"string","description_kind":"plain","optional":true,"computed":true},"iops":{"type":"string","description":"Indicates maximum I/O operations per second in range(1-20,000).","description_kind":"plain","computed":true},"links":{"type":["set",["object",{"href":"string","hrefs":["set","string"],"rel":"string"}]],"description_kind":"plain","computed":true},"name":{"type":"string","description":"A human-friendly name used as an identifier in APIs that support this option.","description_kind":"plain","computed":true},"org_id":{"type":"string","description":"The id of the organization this entity belongs to.","description_kind":"plain","computed":true},"owner":{"type":"string","description":"Email of the user that owns the entity.","description_kind":"plain","computed":true},"supports_encryption":{"type":"bool","description":"Indicates whether this storage profile supports encryption or not.","description_kind":"plain","computed":true},"updated_at":{"type":"string","description":"Date when the entity was last updated. The date is ISO 8601 and UTC.","description_kind":"plain","computed":true},"volume_type":{"type":"string","description":"Indicates the type of volume associated with type of storage device.","description_kind":"plain","computed":true}},"block_types":{"tags":{"nesting_mode":"set","block":{"attributes":{"key":{"type":"string","description_kind":"plain","required":true},"value":{"type":"string","description_kind":"plain","required":true}},"description_kind":"plain"}}},"description_kind":"plain"}},"vra_storage_profile_azure":{"version":0,"block":{"attributes":{"cloud_account_id":{"type":"string","description":"Id of the cloud account this storage profile belongs to.","description_kind":"plain","computed":true},"created_at":{"type":"string","description":"Date when the entity was created. The date is in ISO 8601 and UTC.","description_kind":"plain","computed":true},"data_disk_caching":{"type":"string","description":"Indicates the caching mechanism for additional disk.","description_kind":"plain","computed":true},"default_item":{"type":"bool","description":"Indicates whether this storage profile is default or not…","description_kind":"plain","computed":true},"description":{"type":"string","description":"A human-friendly description.","description_kind":"plain","computed":true},"disk_type":{"type":"string","description":"Indicates the performance tier for the storage type. Premium disks are SSD backed and Standard disks are HDD backed.","description_kind":"plain","computed":true},"external_region_id":{"type":"string","description":"The id of the region for which this profile is defined","description_kind":"plain","computed":true},"filter":{"type":"string","description_kind":"plain","optional":true},"id":{"type":"string","description_kind":"plain","optional":true,"computed":true},"links":{"type":["set",["object",{"href":"string","hrefs":["set","string"],"rel":"string"}]],"description_kind":"plain","computed":true},"name":{"type":"string","description":"A human-friendly name used as an identifier in APIs that support this option.","description_kind":"plain","computed":true},"org_id":{"type":"string","description":"The id of the organization this entity belongs to.","description_kind":"plain","computed":true},"os_disk_caching":{"type":"string","description":"Indicates the caching mechanism for OS disk. Default policy for OS disks is Read/Write.","description_kind":"plain","computed":true},"owner":{"type":"string","description":"Email of the user that owns the entity.","description_kind":"plain","computed":true},"supports_encryption":{"type":"bool","description":"Indicates whether this storage profile should support encryption or not.","description_kind":"plain","computed":true},"updated_at":{"type":"string","description":"Date when the entity was last updated. The date is ISO 8601 and UTC.","description_kind":"plain","computed":true}},"block_types":{"tags":{"nesting_mode":"set","block":{"attributes":{"key":{"type":"string","description_kind":"plain","required":true},"value":{"type":"string","description_kind":"plain","required":true}},"description_kind":"plain"}}},"description_kind":"plain"}},"vra_storage_profile_vsphere":{"version":0,"block":{"attributes":{"cloud_account_id":{"type":"string","description":"Id of the cloud account this storage profile belongs to.","description_kind":"plain","computed":true},"created_at":{"type":"string","description":"Date when the entity was created. The date is in ISO 8601 and UTC.","description_kind":"plain","computed":true},"default_item":{"type":"bool","description":"Indicates if a storage profile acts as a default storage profile for a disk.","description_kind":"plain","computed":true},"description":{"type":"string","description":"A human-friendly description.","description_kind":"plain","computed":true},"disk_mode":{"type":"string","description":"Type of mode for the disk.","description_kind":"plain","computed":true},"disk_type":{"type":"string","description":"Disk types are specified as standard or first class, empty value is considered as standard.","description_kind":"plain","computed":true},"external_region_id":{"type":"string","description":"The id of the region for which this profile is defined","description_kind":"plain","computed":true},"filter":{"type":"string","description_kind":"plain","optional":true},"id":{"type":"string","description_kind":"plain","optional":true,"computed":true},"limit_iops":{"type":"string","description":"The upper bound for the I/O operations per second allocated for each virtual disk.","description_kind":"plain","computed":true},"links":{"type":["set",["object",{"href":"string","hrefs":["set","string"],"rel":"string"}]],"description_kind":"plain","computed":true},"name":{"type":"string","description":"A human-friendly name used as an identifier in APIs that support this option.","description_kind":"plain","computed":true},"org_id":{"type":"string","description":"The id of the organization this entity belongs to.","description_kind":"plain","computed":true},"owner":{"type":"string","description":"Email of the user that owns the entity.","description_kind":"plain","computed":true},"provisioning_type":{"type":"string","description":"Type of provisioning policy for the disk.","description_kind":"plain","computed":true},"shares":{"type":"string","description":"A specific number of shares assigned to each virtual machine.","description_kind":"plain","computed":true},"shares_level":{"type":"string","description":"Indicates whether this storage profile supports encryption or not.","description_kind":"plain","optional":true},"supports_encryption":{"type":"bool","description":"Indicates whether this storage profile supports encryption or not.","description_kind":"plain","computed":true},"updated_at":{"type":"string","description":"Date when the entity was last updated. The date is ISO 8601 and UTC.","description_kind":"plain","computed":true}},"block_types":{"tags":{"nesting_mode":"set","block":{"attributes":{"key":{"type":"string","description_kind":"plain","required":true},"value":{"type":"string","description_kind":"plain","required":true}},"description_kind":"plain"}}},"description_kind":"plain"}},"vra_zone":{"version":0,"block":{"attributes":{"cloud_account_id":{"type":"string","description":"The ID of the cloud account this zone belongs to.","description_kind":"plain","computed":true},"compute_ids":{"type":["set","string"],"description":"The ids of the compute resources that has been explicitly assigned to this zone.","description_kind":"plain","computed":true},"created_at":{"type":"string","description":"Date when the entity was created. The date is in ISO 8601 and UTC.","description_kind":"plain","computed":true},"custom_properties":{"type":["map","string"],"description":"A list of key value pair of properties that will be used.","description_kind":"plain","computed":true},"description":{"type":"string","description":"A human-friendly description.","description_kind":"plain","computed":true},"external_region_id":{"type":"string","description":"The id of the region for which this zone is defined.","description_kind":"plain","computed":true},"folder":{"type":"string","description":"The folder relative path to the datacenter where resources are deployed to (only applicable for vSphere cloud zones).","description_kind":"plain","computed":true},"id":{"type":"string","description":"The id of the zone resource instance.","description_kind":"plain","optional":true,"computed":true},"links":{"type":["set",["object",{"href":"string","hrefs":["set","string"],"rel":"string"}]],"description_kind":"plain","computed":true},"name":{"type":"string","description":"A human-friendly name used as an identifier for the zone resource instance.","description_kind":"plain","optional":true,"computed":true},"org_id":{"type":"string","description":"The id of the organization this entity belongs to.","description_kind":"plain","computed":true},"owner":{"type":"string","description":"Email of the user that owns the entity.","description_kind":"plain","computed":true},"placement_policy":{"type":"string","description":"The placement policy for the zone.","description_kind":"plain","computed":true},"updated_at":{"type":"string","description":"Date when the entity was last updated. The date is ISO 8601 and UTC.","description_kind":"plain","computed":true}},"block_types":{"tags":{"nesting_mode":"set","block":{"attributes":{"key":{"type":"string","description_kind":"plain","required":true},"value":{"type":"string","description_kind":"plain","required":true}},"description_kind":"plain"}},"tags_to_match":{"nesting_mode":"set","block":{"attributes":{"key":{"type":"string","description_kind":"plain","required":true},"value":{"type":"string","description_kind":"plain","required":true}},"description_kind":"plain"}}},"description_kind":"plain"}}}}}}
